// !$*UTF8*$!
{
	archiveVersion = 1;
	classes = {
	};
	objectVersion = 56;
	objects = {

/* Begin PBXBuildFile section */
		857021DF2AA8A55B002CB09E /* UITimePickerView.swift in Sources */ = {isa = PBXBuildFile; fileRef = 857021DE2AA8A55B002CB09E /* UITimePickerView.swift */; };
		857ABB352AA5A85B00EDD423 /* TimePickerView.swift in Sources */ = {isa = PBXBuildFile; fileRef = 857ABB342AA5A85B00EDD423 /* TimePickerView.swift */; };
		859467A12A95EF0C00F565E4 /* Eagle_PopApp.swift in Sources */ = {isa = PBXBuildFile; fileRef = 859467A02A95EF0C00F565E4 /* Eagle_PopApp.swift */; };
		859467A52A95EF0D00F565E4 /* Assets.xcassets in Resources */ = {isa = PBXBuildFile; fileRef = 859467A42A95EF0D00F565E4 /* Assets.xcassets */; };
		859467A82A95EF0D00F565E4 /* Preview Assets.xcassets in Resources */ = {isa = PBXBuildFile; fileRef = 859467A72A95EF0D00F565E4 /* Preview Assets.xcassets */; };
		859467AF2A95F05100F565E4 /* TabView.swift in Sources */ = {isa = PBXBuildFile; fileRef = 859467AE2A95F05100F565E4 /* TabView.swift */; };
		859467B12A95F10700F565E4 /* SigninView.swift in Sources */ = {isa = PBXBuildFile; fileRef = 859467B02A95F10700F565E4 /* SigninView.swift */; };
		859467B52A95F5B900F565E4 /* Launch Screen.storyboard in Resources */ = {isa = PBXBuildFile; fileRef = 859467B42A95F5B900F565E4 /* Launch Screen.storyboard */; };
		859467BC2A95FC2200F565E4 /* OpenTDS in Frameworks */ = {isa = PBXBuildFile; productRef = 859467BB2A95FC2200F565E4 /* OpenTDS */; };
		859467BF2A95FC5900F565E4 /* Alamofire in Frameworks */ = {isa = PBXBuildFile; productRef = 859467BE2A95FC5900F565E4 /* Alamofire */; };
		859467C12A95FE2F00F565E4 /* MainView.swift in Sources */ = {isa = PBXBuildFile; fileRef = 859467C02A95FE2F00F565E4 /* MainView.swift */; };
		859467C62A95FF2100F565E4 /* RankingView.swift in Sources */ = {isa = PBXBuildFile; fileRef = 859467C52A95FF2100F565E4 /* RankingView.swift */; };
		859467C92A95FF8600F565E4 /* SocialView.swift in Sources */ = {isa = PBXBuildFile; fileRef = 859467C82A95FF8600F565E4 /* SocialView.swift */; };
		859467CD2A96017500F565E4 /* CalenderView.swift in Sources */ = {isa = PBXBuildFile; fileRef = 859467CC2A96017500F565E4 /* CalenderView.swift */; };
		859469452A9D9BCF00F565E4 /* CircleProgressBar.swift in Sources */ = {isa = PBXBuildFile; fileRef = 859469442A9D9BCF00F565E4 /* CircleProgressBar.swift */; };
		85FACF082AAA9DBC0003A06F /* MainIntent.swift in Sources */ = {isa = PBXBuildFile; fileRef = 85FACF072AAA9DBC0003A06F /* MainIntent.swift */; };
		85FACF0A2AAA9DF20003A06F /* MainModel.swift in Sources */ = {isa = PBXBuildFile; fileRef = 85FACF092AAA9DF20003A06F /* MainModel.swift */; };
		85FACF0D2AAA9FCE0003A06F /* MainContainer.swift in Sources */ = {isa = PBXBuildFile; fileRef = 85FACF0C2AAA9FCE0003A06F /* MainContainer.swift */; };
		85FACF0F2AAAA7B70003A06F /* Request.swift in Sources */ = {isa = PBXBuildFile; fileRef = 85FACF0E2AAAA7B70003A06F /* Request.swift */; };
		85FACF3D2AACB25D0003A06F /* RankingIntent.swift in Sources */ = {isa = PBXBuildFile; fileRef = 85FACF3C2AACB25D0003A06F /* RankingIntent.swift */; };
		85FACF422AACB5350003A06F /* SideSheetView.swift in Sources */ = {isa = PBXBuildFile; fileRef = 85FACF412AACB5350003A06F /* SideSheetView.swift */; };
		85FACF482AAE91CC0003A06F /* TimePickerModel.swift in Sources */ = {isa = PBXBuildFile; fileRef = 85FACF472AAE91CC0003A06F /* TimePickerModel.swift */; };
		85FACF4B2AAE91EB0003A06F /* TimePickerContainer.swift in Sources */ = {isa = PBXBuildFile; fileRef = 85FACF4A2AAE91EB0003A06F /* TimePickerContainer.swift */; };
		85FACF4F2AAE920A0003A06F /* TimePickerIntent.swift in Sources */ = {isa = PBXBuildFile; fileRef = 85FACF4E2AAE920A0003A06F /* TimePickerIntent.swift */; };
		85FACF532AAE93D80003A06F /* RankingModel.swift in Sources */ = {isa = PBXBuildFile; fileRef = 85FACF522AAE93D80003A06F /* RankingModel.swift */; };
		85FACF562AAE942B0003A06F /* RankingContainer.swift in Sources */ = {isa = PBXBuildFile; fileRef = 85FACF552AAE942B0003A06F /* RankingContainer.swift */; };
/* End PBXBuildFile section */

/* Begin PBXFileReference section */
		857021DE2AA8A55B002CB09E /* UITimePickerView.swift */ = {isa = PBXFileReference; lastKnownFileType = sourcecode.swift; path = UITimePickerView.swift; sourceTree = "<group>"; };
		857ABB342AA5A85B00EDD423 /* TimePickerView.swift */ = {isa = PBXFileReference; lastKnownFileType = sourcecode.swift; path = TimePickerView.swift; sourceTree = "<group>"; };
		8594679D2A95EF0C00F565E4 /* Eagle_Pop.app */ = {isa = PBXFileReference; explicitFileType = wrapper.application; includeInIndex = 0; path = Eagle_Pop.app; sourceTree = BUILT_PRODUCTS_DIR; };
		859467A02A95EF0C00F565E4 /* Eagle_PopApp.swift */ = {isa = PBXFileReference; lastKnownFileType = sourcecode.swift; path = Eagle_PopApp.swift; sourceTree = "<group>"; };
		859467A42A95EF0D00F565E4 /* Assets.xcassets */ = {isa = PBXFileReference; lastKnownFileType = folder.assetcatalog; path = Assets.xcassets; sourceTree = "<group>"; };
		859467A72A95EF0D00F565E4 /* Preview Assets.xcassets */ = {isa = PBXFileReference; lastKnownFileType = folder.assetcatalog; path = "Preview Assets.xcassets"; sourceTree = "<group>"; };
		859467AE2A95F05100F565E4 /* TabView.swift */ = {isa = PBXFileReference; lastKnownFileType = sourcecode.swift; path = TabView.swift; sourceTree = "<group>"; };
		859467B02A95F10700F565E4 /* SigninView.swift */ = {isa = PBXFileReference; lastKnownFileType = sourcecode.swift; path = SigninView.swift; sourceTree = "<group>"; };
		859467B42A95F5B900F565E4 /* Launch Screen.storyboard */ = {isa = PBXFileReference; lastKnownFileType = file.storyboard; path = "Launch Screen.storyboard"; sourceTree = "<group>"; };
		859467C02A95FE2F00F565E4 /* MainView.swift */ = {isa = PBXFileReference; lastKnownFileType = sourcecode.swift; path = MainView.swift; sourceTree = "<group>"; };
		859467C52A95FF2100F565E4 /* RankingView.swift */ = {isa = PBXFileReference; lastKnownFileType = sourcecode.swift; path = RankingView.swift; sourceTree = "<group>"; };
		859467C82A95FF8600F565E4 /* SocialView.swift */ = {isa = PBXFileReference; lastKnownFileType = sourcecode.swift; path = SocialView.swift; sourceTree = "<group>"; };
		859467CC2A96017500F565E4 /* CalenderView.swift */ = {isa = PBXFileReference; lastKnownFileType = sourcecode.swift; path = CalenderView.swift; sourceTree = "<group>"; };
		859469442A9D9BCF00F565E4 /* CircleProgressBar.swift */ = {isa = PBXFileReference; lastKnownFileType = sourcecode.swift; path = CircleProgressBar.swift; sourceTree = "<group>"; };
		85FACF072AAA9DBC0003A06F /* MainIntent.swift */ = {isa = PBXFileReference; lastKnownFileType = sourcecode.swift; path = MainIntent.swift; sourceTree = "<group>"; };
		85FACF092AAA9DF20003A06F /* MainModel.swift */ = {isa = PBXFileReference; lastKnownFileType = sourcecode.swift; path = MainModel.swift; sourceTree = "<group>"; };
		85FACF0C2AAA9FCE0003A06F /* MainContainer.swift */ = {isa = PBXFileReference; lastKnownFileType = sourcecode.swift; path = MainContainer.swift; sourceTree = "<group>"; };
		85FACF0E2AAAA7B70003A06F /* Request.swift */ = {isa = PBXFileReference; lastKnownFileType = sourcecode.swift; path = Request.swift; sourceTree = "<group>"; };
		85FACF3C2AACB25D0003A06F /* RankingIntent.swift */ = {isa = PBXFileReference; lastKnownFileType = sourcecode.swift; path = RankingIntent.swift; sourceTree = "<group>"; };
		85FACF412AACB5350003A06F /* SideSheetView.swift */ = {isa = PBXFileReference; lastKnownFileType = sourcecode.swift; path = SideSheetView.swift; sourceTree = "<group>"; };
		85FACF472AAE91CC0003A06F /* TimePickerModel.swift */ = {isa = PBXFileReference; lastKnownFileType = sourcecode.swift; path = TimePickerModel.swift; sourceTree = "<group>"; };
		85FACF4A2AAE91EB0003A06F /* TimePickerContainer.swift */ = {isa = PBXFileReference; lastKnownFileType = sourcecode.swift; path = TimePickerContainer.swift; sourceTree = "<group>"; };
		85FACF4E2AAE920A0003A06F /* TimePickerIntent.swift */ = {isa = PBXFileReference; lastKnownFileType = sourcecode.swift; path = TimePickerIntent.swift; sourceTree = "<group>"; };
		85FACF522AAE93D80003A06F /* RankingModel.swift */ = {isa = PBXFileReference; lastKnownFileType = sourcecode.swift; path = RankingModel.swift; sourceTree = "<group>"; };
		85FACF552AAE942B0003A06F /* RankingContainer.swift */ = {isa = PBXFileReference; lastKnownFileType = sourcecode.swift; path = RankingContainer.swift; sourceTree = "<group>"; };
/* End PBXFileReference section */

/* Begin PBXFrameworksBuildPhase section */
		8594679A2A95EF0C00F565E4 /* Frameworks */ = {
			isa = PBXFrameworksBuildPhase;
			buildActionMask = 2147483647;
			files = (
				859467BC2A95FC2200F565E4 /* OpenTDS in Frameworks */,
				859467BF2A95FC5900F565E4 /* Alamofire in Frameworks */,
			);
			runOnlyForDeploymentPostprocessing = 0;
		};
/* End PBXFrameworksBuildPhase section */

/* Begin PBXGroup section */
		859467942A95EF0C00F565E4 = {
			isa = PBXGroup;
			children = (
				8594679F2A95EF0C00F565E4 /* Eagle_Pop */,
				8594679E2A95EF0C00F565E4 /* Products */,
			);
			sourceTree = "<group>";
		};
		8594679E2A95EF0C00F565E4 /* Products */ = {
			isa = PBXGroup;
			children = (
				8594679D2A95EF0C00F565E4 /* Eagle_Pop.app */,
			);
			name = Products;
			sourceTree = "<group>";
		};
		8594679F2A95EF0C00F565E4 /* Eagle_Pop */ = {
			isa = PBXGroup;
			children = (
				859467B62A95F71400F565E4 /* Source */,
				859467B72A95F77400F565E4 /* Resource */,
				859467A62A95EF0D00F565E4 /* Preview Content */,
			);
			path = Eagle_Pop;
			sourceTree = "<group>";
		};
		859467A62A95EF0D00F565E4 /* Preview Content */ = {
			isa = PBXGroup;
			children = (
				859467A72A95EF0D00F565E4 /* Preview Assets.xcassets */,
			);
			path = "Preview Content";
			sourceTree = "<group>";
		};
		859467B62A95F71400F565E4 /* Source */ = {
			isa = PBXGroup;
			children = (
				859467B82A95F91700F565E4 /* LaunchScreen */,
				85FACF062AAA9D6B0003A06F /* Model */,
				859467B92A95FB1B00F565E4 /* View */,
				85FACF0B2AAA9E770003A06F /* Container */,
				85FACF052AAA9D580003A06F /* Intent */,
			);
			path = Source;
			sourceTree = "<group>";
		};
		859467B72A95F77400F565E4 /* Resource */ = {
			isa = PBXGroup;
			children = (
				859467A42A95EF0D00F565E4 /* Assets.xcassets */,
				859467A02A95EF0C00F565E4 /* Eagle_PopApp.swift */,
				85FACF0E2AAAA7B70003A06F /* Request.swift */,
			);
			path = Resource;
			sourceTree = "<group>";
		};
		859467B82A95F91700F565E4 /* LaunchScreen */ = {
			isa = PBXGroup;
			children = (
				859467B42A95F5B900F565E4 /* Launch Screen.storyboard */,
			);
			path = LaunchScreen;
			sourceTree = "<group>";
		};
		859467B92A95FB1B00F565E4 /* View */ = {
			isa = PBXGroup;
			children = (
				859467AE2A95F05100F565E4 /* TabView.swift */,
				859467C32A95FE5200F565E4 /* Signin */,
				859467C22A95FE3500F565E4 /* Main */,
				859467C72A95FF3B00F565E4 /* Social */,
				859467C42A95FE7200F565E4 /* Ranking */,
				859467CB2A96014400F565E4 /* Calender */,
			);
			path = View;
			sourceTree = "<group>";
		};
		859467C22A95FE3500F565E4 /* Main */ = {
			isa = PBXGroup;
			children = (
				859467C02A95FE2F00F565E4 /* MainView.swift */,
				85FACF042AAA9B4D0003A06F /* SubView */,
			);
			path = Main;
			sourceTree = "<group>";
		};
		859467C32A95FE5200F565E4 /* Signin */ = {
			isa = PBXGroup;
			children = (
				859467B02A95F10700F565E4 /* SigninView.swift */,
			);
			path = Signin;
			sourceTree = "<group>";
		};
		859467C42A95FE7200F565E4 /* Ranking */ = {
			isa = PBXGroup;
			children = (
				859467C52A95FF2100F565E4 /* RankingView.swift */,
			);
			path = Ranking;
			sourceTree = "<group>";
		};
		859467C72A95FF3B00F565E4 /* Social */ = {
			isa = PBXGroup;
			children = (
				859467C82A95FF8600F565E4 /* SocialView.swift */,
			);
			path = Social;
			sourceTree = "<group>";
		};
		859467CB2A96014400F565E4 /* Calender */ = {
			isa = PBXGroup;
			children = (
				859467CC2A96017500F565E4 /* CalenderView.swift */,
			);
			path = Calender;
			sourceTree = "<group>";
		};
		85FACF042AAA9B4D0003A06F /* SubView */ = {
			isa = PBXGroup;
			children = (
				859469442A9D9BCF00F565E4 /* CircleProgressBar.swift */,
				857ABB342AA5A85B00EDD423 /* TimePickerView.swift */,
				857021DE2AA8A55B002CB09E /* UITimePickerView.swift */,
				85FACF412AACB5350003A06F /* SideSheetView.swift */,
			);
			path = SubView;
			sourceTree = "<group>";
		};
		85FACF052AAA9D580003A06F /* Intent */ = {
			isa = PBXGroup;
			children = (
				85FACF122AAC49F80003A06F /* Main */,
				85FACF392AACB2180003A06F /* Ranking */,
			);
			path = Intent;
			sourceTree = "<group>";
		};
		85FACF062AAA9D6B0003A06F /* Model */ = {
			isa = PBXGroup;
			children = (
				85FACF102AAC49E20003A06F /* Main */,
				85FACF512AAE93B20003A06F /* Ranking */,
			);
			path = Model;
			sourceTree = "<group>";
		};
		85FACF0B2AAA9E770003A06F /* Container */ = {
			isa = PBXGroup;
			children = (
				85FACF112AAC49ED0003A06F /* Main */,
				85FACF542AAE940D0003A06F /* Ranking */,
			);
			path = Container;
			sourceTree = "<group>";
		};
		85FACF102AAC49E20003A06F /* Main */ = {
			isa = PBXGroup;
			children = (
				85FACF092AAA9DF20003A06F /* MainModel.swift */,
				85FACF462AAE8B8E0003A06F /* Sub */,
			);
			path = Main;
			sourceTree = "<group>";
		};
		85FACF112AAC49ED0003A06F /* Main */ = {
			isa = PBXGroup;
			children = (
				85FACF0C2AAA9FCE0003A06F /* MainContainer.swift */,
				85FACF492AAE91D80003A06F /* Sub */,
			);
			path = Main;
			sourceTree = "<group>";
		};
		85FACF122AAC49F80003A06F /* Main */ = {
			isa = PBXGroup;
			children = (
				85FACF072AAA9DBC0003A06F /* MainIntent.swift */,
				85FACF4D2AAE91FB0003A06F /* Sub */,
			);
			path = Main;
			sourceTree = "<group>";
		};
		85FACF392AACB2180003A06F /* Ranking */ = {
			isa = PBXGroup;
			children = (
				85FACF3C2AACB25D0003A06F /* RankingIntent.swift */,
			);
			path = Ranking;
			sourceTree = "<group>";
		};
		85FACF462AAE8B8E0003A06F /* Sub */ = {
			isa = PBXGroup;
			children = (
				85FACF472AAE91CC0003A06F /* TimePickerModel.swift */,
			);
			path = Sub;
			sourceTree = "<group>";
		};
		85FACF492AAE91D80003A06F /* Sub */ = {
			isa = PBXGroup;
			children = (
				85FACF4A2AAE91EB0003A06F /* TimePickerContainer.swift */,
			);
			path = Sub;
			sourceTree = "<group>";
		};
		85FACF4D2AAE91FB0003A06F /* Sub */ = {
			isa = PBXGroup;
			children = (
				85FACF4E2AAE920A0003A06F /* TimePickerIntent.swift */,
			);
			path = Sub;
			sourceTree = "<group>";
		};
		85FACF512AAE93B20003A06F /* Ranking */ = {
			isa = PBXGroup;
			children = (
				85FACF522AAE93D80003A06F /* RankingModel.swift */,
			);
			path = Ranking;
			sourceTree = "<group>";
		};
		85FACF542AAE940D0003A06F /* Ranking */ = {
			isa = PBXGroup;
			children = (
				85FACF552AAE942B0003A06F /* RankingContainer.swift */,
			);
			path = Ranking;
			sourceTree = "<group>";
		};
/* End PBXGroup section */

/* Begin PBXNativeTarget section */
		8594679C2A95EF0C00F565E4 /* Eagle_Pop */ = {
			isa = PBXNativeTarget;
			buildConfigurationList = 859467AB2A95EF0D00F565E4 /* Build configuration list for PBXNativeTarget "Eagle_Pop" */;
			buildPhases = (
				859467992A95EF0C00F565E4 /* Sources */,
				8594679A2A95EF0C00F565E4 /* Frameworks */,
				8594679B2A95EF0C00F565E4 /* Resources */,
			);
			buildRules = (
			);
			dependencies = (
			);
			name = Eagle_Pop;
			packageProductDependencies = (
				859467BB2A95FC2200F565E4 /* OpenTDS */,
				859467BE2A95FC5900F565E4 /* Alamofire */,
			);
			productName = Eagle_Pop;
			productReference = 8594679D2A95EF0C00F565E4 /* Eagle_Pop.app */;
			productType = "com.apple.product-type.application";
		};
/* End PBXNativeTarget section */

/* Begin PBXProject section */
		859467952A95EF0C00F565E4 /* Project object */ = {
			isa = PBXProject;
			attributes = {
				BuildIndependentTargetsInParallel = 1;
				LastSwiftUpdateCheck = 1430;
				LastUpgradeCheck = 1430;
				TargetAttributes = {
					8594679C2A95EF0C00F565E4 = {
						CreatedOnToolsVersion = 14.3.1;
					};
				};
			};
			buildConfigurationList = 859467982A95EF0C00F565E4 /* Build configuration list for PBXProject "Eagle_Pop" */;
			compatibilityVersion = "Xcode 14.0";
			developmentRegion = en;
			hasScannedForEncodings = 0;
			knownRegions = (
				en,
				Base,
			);
			mainGroup = 859467942A95EF0C00F565E4;
			packageReferences = (
				859467BA2A95FC2200F565E4 /* XCRemoteSwiftPackageReference "OpenTDS" */,
				859467BD2A95FC5900F565E4 /* XCRemoteSwiftPackageReference "Alamofire" */,
				857021E02AA99CEB002CB09E /* XCRemoteSwiftPackageReference "Then" */,
			);
			productRefGroup = 8594679E2A95EF0C00F565E4 /* Products */;
			projectDirPath = "";
			projectRoot = "";
			targets = (
				8594679C2A95EF0C00F565E4 /* Eagle_Pop */,
			);
		};
/* End PBXProject section */

/* Begin PBXResourcesBuildPhase section */
		8594679B2A95EF0C00F565E4 /* Resources */ = {
			isa = PBXResourcesBuildPhase;
			buildActionMask = 2147483647;
			files = (
				859467B52A95F5B900F565E4 /* Launch Screen.storyboard in Resources */,
				859467A82A95EF0D00F565E4 /* Preview Assets.xcassets in Resources */,
				859467A52A95EF0D00F565E4 /* Assets.xcassets in Resources */,
			);
			runOnlyForDeploymentPostprocessing = 0;
		};
/* End PBXResourcesBuildPhase section */

/* Begin PBXSourcesBuildPhase section */
		859467992A95EF0C00F565E4 /* Sources */ = {
			isa = PBXSourcesBuildPhase;
			buildActionMask = 2147483647;
			files = (
				859467AF2A95F05100F565E4 /* TabView.swift in Sources */,
				85FACF082AAA9DBC0003A06F /* MainIntent.swift in Sources */,
				85FACF562AAE942B0003A06F /* RankingContainer.swift in Sources */,
				857ABB352AA5A85B00EDD423 /* TimePickerView.swift in Sources */,
				859467CD2A96017500F565E4 /* CalenderView.swift in Sources */,
				859467C12A95FE2F00F565E4 /* MainView.swift in Sources */,
				859467C62A95FF2100F565E4 /* RankingView.swift in Sources */,
				85FACF4F2AAE920A0003A06F /* TimePickerIntent.swift in Sources */,
				85FACF482AAE91CC0003A06F /* TimePickerModel.swift in Sources */,
				857021DF2AA8A55B002CB09E /* UITimePickerView.swift in Sources */,
				85FACF422AACB5350003A06F /* SideSheetView.swift in Sources */,
				859467B12A95F10700F565E4 /* SigninView.swift in Sources */,
				85FACF0A2AAA9DF20003A06F /* MainModel.swift in Sources */,
				85FACF532AAE93D80003A06F /* RankingModel.swift in Sources */,
				85FACF0F2AAAA7B70003A06F /* Request.swift in Sources */,
				85FACF0D2AAA9FCE0003A06F /* MainContainer.swift in Sources */,
				859469452A9D9BCF00F565E4 /* CircleProgressBar.swift in Sources */,
				85FACF4B2AAE91EB0003A06F /* TimePickerContainer.swift in Sources */,
				859467A12A95EF0C00F565E4 /* Eagle_PopApp.swift in Sources */,
				859467C92A95FF8600F565E4 /* SocialView.swift in Sources */,
				85FACF3D2AACB25D0003A06F /* RankingIntent.swift in Sources */,
			);
			runOnlyForDeploymentPostprocessing = 0;
		};
/* End PBXSourcesBuildPhase section */

/* Begin XCBuildConfiguration section */
		859467A92A95EF0D00F565E4 /* Debug */ = {
			isa = XCBuildConfiguration;
			buildSettings = {
				ALWAYS_SEARCH_USER_PATHS = NO;
				CLANG_ANALYZER_NONNULL = YES;
				CLANG_ANALYZER_NUMBER_OBJECT_CONVERSION = YES_AGGRESSIVE;
				CLANG_CXX_LANGUAGE_STANDARD = "gnu++20";
				CLANG_ENABLE_MODULES = YES;
				CLANG_ENABLE_OBJC_ARC = YES;
				CLANG_ENABLE_OBJC_WEAK = YES;
				CLANG_WARN_BLOCK_CAPTURE_AUTORELEASING = YES;
				CLANG_WARN_BOOL_CONVERSION = YES;
				CLANG_WARN_COMMA = YES;
				CLANG_WARN_CONSTANT_CONVERSION = YES;
				CLANG_WARN_DEPRECATED_OBJC_IMPLEMENTATIONS = YES;
				CLANG_WARN_DIRECT_OBJC_ISA_USAGE = YES_ERROR;
				CLANG_WARN_DOCUMENTATION_COMMENTS = YES;
				CLANG_WARN_EMPTY_BODY = YES;
				CLANG_WARN_ENUM_CONVERSION = YES;
				CLANG_WARN_INFINITE_RECURSION = YES;
				CLANG_WARN_INT_CONVERSION = YES;
				CLANG_WARN_NON_LITERAL_NULL_CONVERSION = YES;
				CLANG_WARN_OBJC_IMPLICIT_RETAIN_SELF = YES;
				CLANG_WARN_OBJC_LITERAL_CONVERSION = YES;
				CLANG_WARN_OBJC_ROOT_CLASS = YES_ERROR;
				CLANG_WARN_QUOTED_INCLUDE_IN_FRAMEWORK_HEADER = YES;
				CLANG_WARN_RANGE_LOOP_ANALYSIS = YES;
				CLANG_WARN_STRICT_PROTOTYPES = YES;
				CLANG_WARN_SUSPICIOUS_MOVE = YES;
				CLANG_WARN_UNGUARDED_AVAILABILITY = YES_AGGRESSIVE;
				CLANG_WARN_UNREACHABLE_CODE = YES;
				CLANG_WARN__DUPLICATE_METHOD_MATCH = YES;
				COPY_PHASE_STRIP = NO;
				DEBUG_INFORMATION_FORMAT = dwarf;
				ENABLE_STRICT_OBJC_MSGSEND = YES;
				ENABLE_TESTABILITY = YES;
				GCC_C_LANGUAGE_STANDARD = gnu11;
				GCC_DYNAMIC_NO_PIC = NO;
				GCC_NO_COMMON_BLOCKS = YES;
				GCC_OPTIMIZATION_LEVEL = 0;
				GCC_PREPROCESSOR_DEFINITIONS = (
					"DEBUG=1",
					"$(inherited)",
				);
				GCC_WARN_64_TO_32_BIT_CONVERSION = YES;
				GCC_WARN_ABOUT_RETURN_TYPE = YES_ERROR;
				GCC_WARN_UNDECLARED_SELECTOR = YES;
				GCC_WARN_UNINITIALIZED_AUTOS = YES_AGGRESSIVE;
				GCC_WARN_UNUSED_FUNCTION = YES;
				GCC_WARN_UNUSED_VARIABLE = YES;
				IPHONEOS_DEPLOYMENT_TARGET = 16.4;
				MTL_ENABLE_DEBUG_INFO = INCLUDE_SOURCE;
				MTL_FAST_MATH = YES;
				ONLY_ACTIVE_ARCH = YES;
				SDKROOT = iphoneos;
				SWIFT_ACTIVE_COMPILATION_CONDITIONS = DEBUG;
				SWIFT_OPTIMIZATION_LEVEL = "-Onone";
			};
			name = Debug;
		};
		859467AA2A95EF0D00F565E4 /* Release */ = {
			isa = XCBuildConfiguration;
			buildSettings = {
				ALWAYS_SEARCH_USER_PATHS = NO;
				CLANG_ANALYZER_NONNULL = YES;
				CLANG_ANALYZER_NUMBER_OBJECT_CONVERSION = YES_AGGRESSIVE;
				CLANG_CXX_LANGUAGE_STANDARD = "gnu++20";
				CLANG_ENABLE_MODULES = YES;
				CLANG_ENABLE_OBJC_ARC = YES;
				CLANG_ENABLE_OBJC_WEAK = YES;
				CLANG_WARN_BLOCK_CAPTURE_AUTORELEASING = YES;
				CLANG_WARN_BOOL_CONVERSION = YES;
				CLANG_WARN_COMMA = YES;
				CLANG_WARN_CONSTANT_CONVERSION = YES;
				CLANG_WARN_DEPRECATED_OBJC_IMPLEMENTATIONS = YES;
				CLANG_WARN_DIRECT_OBJC_ISA_USAGE = YES_ERROR;
				CLANG_WARN_DOCUMENTATION_COMMENTS = YES;
				CLANG_WARN_EMPTY_BODY = YES;
				CLANG_WARN_ENUM_CONVERSION = YES;
				CLANG_WARN_INFINITE_RECURSION = YES;
				CLANG_WARN_INT_CONVERSION = YES;
				CLANG_WARN_NON_LITERAL_NULL_CONVERSION = YES;
				CLANG_WARN_OBJC_IMPLICIT_RETAIN_SELF = YES;
				CLANG_WARN_OBJC_LITERAL_CONVERSION = YES;
				CLANG_WARN_OBJC_ROOT_CLASS = YES_ERROR;
				CLANG_WARN_QUOTED_INCLUDE_IN_FRAMEWORK_HEADER = YES;
				CLANG_WARN_RANGE_LOOP_ANALYSIS = YES;
				CLANG_WARN_STRICT_PROTOTYPES = YES;
				CLANG_WARN_SUSPICIOUS_MOVE = YES;
				CLANG_WARN_UNGUARDED_AVAILABILITY = YES_AGGRESSIVE;
				CLANG_WARN_UNREACHABLE_CODE = YES;
				CLANG_WARN__DUPLICATE_METHOD_MATCH = YES;
				COPY_PHASE_STRIP = NO;
				DEBUG_INFORMATION_FORMAT = "dwarf-with-dsym";
				ENABLE_NS_ASSERTIONS = NO;
				ENABLE_STRICT_OBJC_MSGSEND = YES;
				GCC_C_LANGUAGE_STANDARD = gnu11;
				GCC_NO_COMMON_BLOCKS = YES;
				GCC_WARN_64_TO_32_BIT_CONVERSION = YES;
				GCC_WARN_ABOUT_RETURN_TYPE = YES_ERROR;
				GCC_WARN_UNDECLARED_SELECTOR = YES;
				GCC_WARN_UNINITIALIZED_AUTOS = YES_AGGRESSIVE;
				GCC_WARN_UNUSED_FUNCTION = YES;
				GCC_WARN_UNUSED_VARIABLE = YES;
				IPHONEOS_DEPLOYMENT_TARGET = 16.4;
				MTL_ENABLE_DEBUG_INFO = NO;
				MTL_FAST_MATH = YES;
				SDKROOT = iphoneos;
				SWIFT_COMPILATION_MODE = wholemodule;
				SWIFT_OPTIMIZATION_LEVEL = "-O";
				VALIDATE_PRODUCT = YES;
			};
			name = Release;
		};
		859467AC2A95EF0D00F565E4 /* Debug */ = {
			isa = XCBuildConfiguration;
			buildSettings = {
				ASSETCATALOG_COMPILER_APPICON_NAME = AppIcon;
				ASSETCATALOG_COMPILER_GLOBAL_ACCENT_COLOR_NAME = AccentColor;
				CODE_SIGN_STYLE = Automatic;
				CURRENT_PROJECT_VERSION = 1;
				DEVELOPMENT_ASSET_PATHS = "\"Eagle_Pop/Preview Content\"";
				DEVELOPMENT_TEAM = W7X5HRD463;
				ENABLE_PREVIEWS = YES;
				GENERATE_INFOPLIST_FILE = YES;
				INFOPLIST_KEY_UIApplicationSceneManifest_Generation = YES;
				INFOPLIST_KEY_UIApplicationSupportsIndirectInputEvents = YES;
				INFOPLIST_KEY_UILaunchScreen_Generation = YES;
				INFOPLIST_KEY_UISupportedInterfaceOrientations_iPad = "UIInterfaceOrientationPortrait UIInterfaceOrientationPortraitUpsideDown UIInterfaceOrientationLandscapeLeft UIInterfaceOrientationLandscapeRight";
				INFOPLIST_KEY_UISupportedInterfaceOrientations_iPhone = "UIInterfaceOrientationPortrait UIInterfaceOrientationLandscapeLeft UIInterfaceOrientationLandscapeRight";
				LD_RUNPATH_SEARCH_PATHS = (
					"$(inherited)",
					"@executable_path/Frameworks",
				);
				MARKETING_VERSION = 1.0;
				PRODUCT_BUNDLE_IDENTIFIER = "com.dgsw.Narsha.Eagle-Pop";
				PRODUCT_NAME = "$(TARGET_NAME)";
				SWIFT_EMIT_LOC_STRINGS = YES;
				SWIFT_VERSION = 5.0;
				TARGETED_DEVICE_FAMILY = "1,2";
			};
			name = Debug;
		};
		859467AD2A95EF0D00F565E4 /* Release */ = {
			isa = XCBuildConfiguration;
			buildSettings = {
				ASSETCATALOG_COMPILER_APPICON_NAME = AppIcon;
				ASSETCATALOG_COMPILER_GLOBAL_ACCENT_COLOR_NAME = AccentColor;
				CODE_SIGN_STYLE = Automatic;
				CURRENT_PROJECT_VERSION = 1;
				DEVELOPMENT_ASSET_PATHS = "\"Eagle_Pop/Preview Content\"";
				DEVELOPMENT_TEAM = W7X5HRD463;
				ENABLE_PREVIEWS = YES;
				GENERATE_INFOPLIST_FILE = YES;
				INFOPLIST_KEY_UIApplicationSceneManifest_Generation = YES;
				INFOPLIST_KEY_UIApplicationSupportsIndirectInputEvents = YES;
				INFOPLIST_KEY_UILaunchScreen_Generation = YES;
				INFOPLIST_KEY_UISupportedInterfaceOrientations_iPad = "UIInterfaceOrientationPortrait UIInterfaceOrientationPortraitUpsideDown UIInterfaceOrientationLandscapeLeft UIInterfaceOrientationLandscapeRight";
				INFOPLIST_KEY_UISupportedInterfaceOrientations_iPhone = "UIInterfaceOrientationPortrait UIInterfaceOrientationLandscapeLeft UIInterfaceOrientationLandscapeRight";
				LD_RUNPATH_SEARCH_PATHS = (
					"$(inherited)",
					"@executable_path/Frameworks",
				);
				MARKETING_VERSION = 1.0;
				PRODUCT_BUNDLE_IDENTIFIER = "com.dgsw.Narsha.Eagle-Pop";
				PRODUCT_NAME = "$(TARGET_NAME)";
				SWIFT_EMIT_LOC_STRINGS = YES;
				SWIFT_VERSION = 5.0;
				TARGETED_DEVICE_FAMILY = "1,2";
			};
			name = Release;
		};
/* End XCBuildConfiguration section */

/* Begin XCConfigurationList section */
		859467982A95EF0C00F565E4 /* Build configuration list for PBXProject "Eagle_Pop" */ = {
			isa = XCConfigurationList;
			buildConfigurations = (
				859467A92A95EF0D00F565E4 /* Debug */,
				859467AA2A95EF0D00F565E4 /* Release */,
			);
			defaultConfigurationIsVisible = 0;
			defaultConfigurationName = Release;
		};
		859467AB2A95EF0D00F565E4 /* Build configuration list for PBXNativeTarget "Eagle_Pop" */ = {
			isa = XCConfigurationList;
			buildConfigurations = (
				859467AC2A95EF0D00F565E4 /* Debug */,
				859467AD2A95EF0D00F565E4 /* Release */,
			);
			defaultConfigurationIsVisible = 0;
			defaultConfigurationName = Release;
		};
/* End XCConfigurationList section */

/* Begin XCRemoteSwiftPackageReference section */
		857021E02AA99CEB002CB09E /* XCRemoteSwiftPackageReference "Then" */ = {
			isa = XCRemoteSwiftPackageReference;
			repositoryURL = "https://github.com/devxoul/Then.git";
			requirement = {
				kind = upToNextMajorVersion;
				minimumVersion = 3.0.0;
			};
		};
		859467BA2A95FC2200F565E4 /* XCRemoteSwiftPackageReference "OpenTDS" */ = {
			isa = XCRemoteSwiftPackageReference;
			repositoryURL = "https://github.com/Mercen-Lee/OpenTDS.git";
			requirement = {
				branch = main;
				kind = branch;
			};
		};
		859467BD2A95FC5900F565E4 /* XCRemoteSwiftPackageReference "Alamofire" */ = {
			isa = XCRemoteSwiftPackageReference;
			repositoryURL = "https://github.com/Alamofire/Alamofire";
			requirement = {
				kind = upToNextMajorVersion;
				minimumVersion = 5.0.0;
			};
		};
/* End XCRemoteSwiftPackageReference section */

/* Begin XCSwiftPackageProductDependency section */
		859467BB2A95FC2200F565E4 /* OpenTDS */ = {
			isa = XCSwiftPackageProductDependency;
			package = 859467BA2A95FC2200F565E4 /* XCRemoteSwiftPackageReference "OpenTDS" */;
			productName = OpenTDS;
		};
		859467BE2A95FC5900F565E4 /* Alamofire */ = {
			isa = XCSwiftPackageProductDependency;
			package = 859467BD2A95FC5900F565E4 /* XCRemoteSwiftPackageReference "Alamofire" */;
			productName = Alamofire;
		};
/* End XCSwiftPackageProductDependency section */
	};
	rootObject = 859467952A95EF0C00F565E4 /* Project object */;
}
