// !$*UTF8*$!
{
	archiveVersion = 1;
	classes = {
	};
	objectVersion = 56;
	objects = {

/* Begin PBXBuildFile section */
		85072C962ABADE4E00269B5C /* client_224818744622-7ervdk2meqo3qme5s8ov003sot0goigt.apps.googleusercontent.com.plist in Resources */ = {isa = PBXBuildFile; fileRef = 85072C952ABADE4E00269B5C /* client_224818744622-7ervdk2meqo3qme5s8ov003sot0goigt.apps.googleusercontent.com.plist */; };
		85072C992ABAE96A00269B5C /* GoogleSignIn in Frameworks */ = {isa = PBXBuildFile; productRef = 85072C982ABAE96A00269B5C /* GoogleSignIn */; };
		85072C9B2ABAE96A00269B5C /* GoogleSignInSwift in Frameworks */ = {isa = PBXBuildFile; productRef = 85072C9A2ABAE96A00269B5C /* GoogleSignInSwift */; };
		85072C9C2ABAFE8900269B5C /* Pretendard-Bold.otf in Resources */ = {isa = PBXBuildFile; fileRef = 8597CA232AB9E80C00A3487E /* Pretendard-Bold.otf */; };
		85072C9D2ABAFE8900269B5C /* Pretendard-Light.otf in Resources */ = {isa = PBXBuildFile; fileRef = 8597CA222AB9E80C00A3487E /* Pretendard-Light.otf */; };
		85072C9E2ABAFE8900269B5C /* Pretendard-Medium.otf in Resources */ = {isa = PBXBuildFile; fileRef = 8597CA1F2AB9E80C00A3487E /* Pretendard-Medium.otf */; };
		85072C9F2ABAFE8900269B5C /* Pretendard-Regular.otf in Resources */ = {isa = PBXBuildFile; fileRef = 8597CA202AB9E80C00A3487E /* Pretendard-Regular.otf */; };
		85072CA02ABAFE8900269B5C /* Pretendard-SemiBold.otf in Resources */ = {isa = PBXBuildFile; fileRef = 8597CA242AB9E80C00A3487E /* Pretendard-SemiBold.otf */; };
		85072CA12ABAFE8900269B5C /* Pretendard-Thin.otf in Resources */ = {isa = PBXBuildFile; fileRef = 8597CA212AB9E80C00A3487E /* Pretendard-Thin.otf */; };
		85072CC72ABDB7BE00269B5C /* ProfileView.swift in Sources */ = {isa = PBXBuildFile; fileRef = 85072CC62ABDB7BE00269B5C /* ProfileView.swift */; };
		85072CCA2ABDB81700269B5C /* MenuCore.swift in Sources */ = {isa = PBXBuildFile; fileRef = 85072CC92ABDB81700269B5C /* MenuCore.swift */; };
		8518AB072AC5A92600A4BA98 /* RankingCore.swift in Sources */ = {isa = PBXBuildFile; fileRef = 8518AB062AC5A92600A4BA98 /* RankingCore.swift */; };
		8518AB092AC5A94000A4BA98 /* RankingRouteBuilder.swift in Sources */ = {isa = PBXBuildFile; fileRef = 8518AB082AC5A94000A4BA98 /* RankingRouteBuilder.swift */; };
		8518AB0B2AC5AE5C00A4BA98 /* PersonalRankingListView.swift in Sources */ = {isa = PBXBuildFile; fileRef = 8518AB0A2AC5AE5C00A4BA98 /* PersonalRankingListView.swift */; };
		857021DF2AA8A55B002CB09E /* CustomTimePickerView.swift in Sources */ = {isa = PBXBuildFile; fileRef = 857021DE2AA8A55B002CB09E /* CustomTimePickerView.swift */; };
		857045682AC2BA6100315057 /* EditProfileView.swift in Sources */ = {isa = PBXBuildFile; fileRef = 857045672AC2BA6100315057 /* EditProfileView.swift */; };
		8570456B2AC2D38900315057 /* LinkNavigator in Frameworks */ = {isa = PBXBuildFile; productRef = 8570456A2AC2D38900315057 /* LinkNavigator */; };
		8570456F2AC3033600315057 /* AppDependency.swift in Sources */ = {isa = PBXBuildFile; fileRef = 8570456E2AC3033600315057 /* AppDependency.swift */; };
		857045712AC30BAB00315057 /* AppRouterGroup.swift in Sources */ = {isa = PBXBuildFile; fileRef = 857045702AC30BAB00315057 /* AppRouterGroup.swift */; };
		857045732AC30BC300315057 /* MainRouteBuilder.swift in Sources */ = {isa = PBXBuildFile; fileRef = 857045722AC30BC300315057 /* MainRouteBuilder.swift */; };
		857045762AC3A74E00315057 /* MainSideEffect.swift in Sources */ = {isa = PBXBuildFile; fileRef = 857045752AC3A74E00315057 /* MainSideEffect.swift */; };
		8572D9BA2AB1CE5F00E70274 /* Fonts.swift in Sources */ = {isa = PBXBuildFile; fileRef = 8572D9B92AB1CE5F00E70274 /* Fonts.swift */; };
		8572D9BC2AB1F82B00E70274 /* TimerView.swift in Sources */ = {isa = PBXBuildFile; fileRef = 8572D9BB2AB1F82B00E70274 /* TimerView.swift */; };
		859467A12A95EF0C00F565E4 /* Eagle_PopApp.swift in Sources */ = {isa = PBXBuildFile; fileRef = 859467A02A95EF0C00F565E4 /* Eagle_PopApp.swift */; };
		859467A52A95EF0D00F565E4 /* Assets.xcassets in Resources */ = {isa = PBXBuildFile; fileRef = 859467A42A95EF0D00F565E4 /* Assets.xcassets */; };
		859467A82A95EF0D00F565E4 /* Preview Assets.xcassets in Resources */ = {isa = PBXBuildFile; fileRef = 859467A72A95EF0D00F565E4 /* Preview Assets.xcassets */; };
		859467AF2A95F05100F565E4 /* TabView.swift in Sources */ = {isa = PBXBuildFile; fileRef = 859467AE2A95F05100F565E4 /* TabView.swift */; };
		859467B12A95F10700F565E4 /* SigninView.swift in Sources */ = {isa = PBXBuildFile; fileRef = 859467B02A95F10700F565E4 /* SigninView.swift */; };
		859467B52A95F5B900F565E4 /* Launch Screen.storyboard in Resources */ = {isa = PBXBuildFile; fileRef = 859467B42A95F5B900F565E4 /* Launch Screen.storyboard */; };
		859467BC2A95FC2200F565E4 /* OpenTDS in Frameworks */ = {isa = PBXBuildFile; productRef = 859467BB2A95FC2200F565E4 /* OpenTDS */; };
		859467BF2A95FC5900F565E4 /* Alamofire in Frameworks */ = {isa = PBXBuildFile; productRef = 859467BE2A95FC5900F565E4 /* Alamofire */; };
		859467C12A95FE2F00F565E4 /* MainView.swift in Sources */ = {isa = PBXBuildFile; fileRef = 859467C02A95FE2F00F565E4 /* MainView.swift */; };
		859467C62A95FF2100F565E4 /* RankingView.swift in Sources */ = {isa = PBXBuildFile; fileRef = 859467C52A95FF2100F565E4 /* RankingView.swift */; };
		859467C92A95FF8600F565E4 /* SocialView.swift in Sources */ = {isa = PBXBuildFile; fileRef = 859467C82A95FF8600F565E4 /* SocialView.swift */; };
		859467CD2A96017500F565E4 /* MenuView.swift in Sources */ = {isa = PBXBuildFile; fileRef = 859467CC2A96017500F565E4 /* MenuView.swift */; };
		859469452A9D9BCF00F565E4 /* CircleProgressBar.swift in Sources */ = {isa = PBXBuildFile; fileRef = 859469442A9D9BCF00F565E4 /* CircleProgressBar.swift */; };
		8597CA2A2AB9FEA300A3487E /* MainCore.swift in Sources */ = {isa = PBXBuildFile; fileRef = 8597CA292AB9FEA300A3487E /* MainCore.swift */; };
		8597CA302ABA002F00A3487E /* Eagle-Pop-Info.plist in Resources */ = {isa = PBXBuildFile; fileRef = 8597CA2F2ABA002F00A3487E /* Eagle-Pop-Info.plist */; };
		859E1BB02AB9631700F8C37D /* ComposableArchitecture in Frameworks */ = {isa = PBXBuildFile; productRef = 859E1BAF2AB9631700F8C37D /* ComposableArchitecture */; };
		85FACF0F2AAAA7B70003A06F /* Request.swift in Sources */ = {isa = PBXBuildFile; fileRef = 85FACF0E2AAAA7B70003A06F /* Request.swift */; };
/* End PBXBuildFile section */

/* Begin PBXFileReference section */
		85072C952ABADE4E00269B5C /* client_224818744622-7ervdk2meqo3qme5s8ov003sot0goigt.apps.googleusercontent.com.plist */ = {isa = PBXFileReference; fileEncoding = 4; lastKnownFileType = text.plist.xml; path = "client_224818744622-7ervdk2meqo3qme5s8ov003sot0goigt.apps.googleusercontent.com.plist"; sourceTree = "<group>"; };
		85072CC62ABDB7BE00269B5C /* ProfileView.swift */ = {isa = PBXFileReference; lastKnownFileType = sourcecode.swift; path = ProfileView.swift; sourceTree = "<group>"; };
		85072CC92ABDB81700269B5C /* MenuCore.swift */ = {isa = PBXFileReference; lastKnownFileType = sourcecode.swift; path = MenuCore.swift; sourceTree = "<group>"; };
		8518AB062AC5A92600A4BA98 /* RankingCore.swift */ = {isa = PBXFileReference; lastKnownFileType = sourcecode.swift; path = RankingCore.swift; sourceTree = "<group>"; };
		8518AB082AC5A94000A4BA98 /* RankingRouteBuilder.swift */ = {isa = PBXFileReference; lastKnownFileType = sourcecode.swift; path = RankingRouteBuilder.swift; sourceTree = "<group>"; };
		8518AB0A2AC5AE5C00A4BA98 /* PersonalRankingListView.swift */ = {isa = PBXFileReference; lastKnownFileType = sourcecode.swift; path = PersonalRankingListView.swift; sourceTree = "<group>"; };
		857021DE2AA8A55B002CB09E /* CustomTimePickerView.swift */ = {isa = PBXFileReference; lastKnownFileType = sourcecode.swift; path = CustomTimePickerView.swift; sourceTree = "<group>"; };
		857045672AC2BA6100315057 /* EditProfileView.swift */ = {isa = PBXFileReference; lastKnownFileType = sourcecode.swift; path = EditProfileView.swift; sourceTree = "<group>"; };
		8570456E2AC3033600315057 /* AppDependency.swift */ = {isa = PBXFileReference; lastKnownFileType = sourcecode.swift; path = AppDependency.swift; sourceTree = "<group>"; };
		857045702AC30BAB00315057 /* AppRouterGroup.swift */ = {isa = PBXFileReference; lastKnownFileType = sourcecode.swift; path = AppRouterGroup.swift; sourceTree = "<group>"; };
		857045722AC30BC300315057 /* MainRouteBuilder.swift */ = {isa = PBXFileReference; lastKnownFileType = sourcecode.swift; path = MainRouteBuilder.swift; sourceTree = "<group>"; };
		857045752AC3A74E00315057 /* MainSideEffect.swift */ = {isa = PBXFileReference; lastKnownFileType = sourcecode.swift; path = MainSideEffect.swift; sourceTree = "<group>"; };
		8572D9B92AB1CE5F00E70274 /* Fonts.swift */ = {isa = PBXFileReference; lastKnownFileType = sourcecode.swift; path = Fonts.swift; sourceTree = "<group>"; };
		8572D9BB2AB1F82B00E70274 /* TimerView.swift */ = {isa = PBXFileReference; lastKnownFileType = sourcecode.swift; path = TimerView.swift; sourceTree = "<group>"; };
		8594679D2A95EF0C00F565E4 /* Eagle_Pop.app */ = {isa = PBXFileReference; explicitFileType = wrapper.application; includeInIndex = 0; path = Eagle_Pop.app; sourceTree = BUILT_PRODUCTS_DIR; };
		859467A02A95EF0C00F565E4 /* Eagle_PopApp.swift */ = {isa = PBXFileReference; lastKnownFileType = sourcecode.swift; path = Eagle_PopApp.swift; sourceTree = "<group>"; };
		859467A42A95EF0D00F565E4 /* Assets.xcassets */ = {isa = PBXFileReference; lastKnownFileType = folder.assetcatalog; path = Assets.xcassets; sourceTree = "<group>"; };
		859467A72A95EF0D00F565E4 /* Preview Assets.xcassets */ = {isa = PBXFileReference; lastKnownFileType = folder.assetcatalog; path = "Preview Assets.xcassets"; sourceTree = "<group>"; };
		859467AE2A95F05100F565E4 /* TabView.swift */ = {isa = PBXFileReference; lastKnownFileType = sourcecode.swift; path = TabView.swift; sourceTree = "<group>"; };
		859467B02A95F10700F565E4 /* SigninView.swift */ = {isa = PBXFileReference; lastKnownFileType = sourcecode.swift; path = SigninView.swift; sourceTree = "<group>"; };
		859467B42A95F5B900F565E4 /* Launch Screen.storyboard */ = {isa = PBXFileReference; lastKnownFileType = file.storyboard; path = "Launch Screen.storyboard"; sourceTree = "<group>"; };
		859467C02A95FE2F00F565E4 /* MainView.swift */ = {isa = PBXFileReference; lastKnownFileType = sourcecode.swift; path = MainView.swift; sourceTree = "<group>"; };
		859467C52A95FF2100F565E4 /* RankingView.swift */ = {isa = PBXFileReference; lastKnownFileType = sourcecode.swift; path = RankingView.swift; sourceTree = "<group>"; };
		859467C82A95FF8600F565E4 /* SocialView.swift */ = {isa = PBXFileReference; lastKnownFileType = sourcecode.swift; path = SocialView.swift; sourceTree = "<group>"; };
		859467CC2A96017500F565E4 /* MenuView.swift */ = {isa = PBXFileReference; lastKnownFileType = sourcecode.swift; path = MenuView.swift; sourceTree = "<group>"; };
		859469442A9D9BCF00F565E4 /* CircleProgressBar.swift */ = {isa = PBXFileReference; lastKnownFileType = sourcecode.swift; path = CircleProgressBar.swift; sourceTree = "<group>"; };
		8597CA1F2AB9E80C00A3487E /* Pretendard-Medium.otf */ = {isa = PBXFileReference; lastKnownFileType = file; path = "Pretendard-Medium.otf"; sourceTree = "<group>"; };
		8597CA202AB9E80C00A3487E /* Pretendard-Regular.otf */ = {isa = PBXFileReference; lastKnownFileType = file; path = "Pretendard-Regular.otf"; sourceTree = "<group>"; };
		8597CA212AB9E80C00A3487E /* Pretendard-Thin.otf */ = {isa = PBXFileReference; lastKnownFileType = file; path = "Pretendard-Thin.otf"; sourceTree = "<group>"; };
		8597CA222AB9E80C00A3487E /* Pretendard-Light.otf */ = {isa = PBXFileReference; lastKnownFileType = file; path = "Pretendard-Light.otf"; sourceTree = "<group>"; };
		8597CA232AB9E80C00A3487E /* Pretendard-Bold.otf */ = {isa = PBXFileReference; lastKnownFileType = file; path = "Pretendard-Bold.otf"; sourceTree = "<group>"; };
		8597CA242AB9E80C00A3487E /* Pretendard-SemiBold.otf */ = {isa = PBXFileReference; lastKnownFileType = file; path = "Pretendard-SemiBold.otf"; sourceTree = "<group>"; };
		8597CA292AB9FEA300A3487E /* MainCore.swift */ = {isa = PBXFileReference; lastKnownFileType = sourcecode.swift; path = MainCore.swift; sourceTree = "<group>"; };
		8597CA2F2ABA002F00A3487E /* Eagle-Pop-Info.plist */ = {isa = PBXFileReference; fileEncoding = 4; lastKnownFileType = text.plist.xml; path = "Eagle-Pop-Info.plist"; sourceTree = "<group>"; };
		85FACF0E2AAAA7B70003A06F /* Request.swift */ = {isa = PBXFileReference; lastKnownFileType = sourcecode.swift; path = Request.swift; sourceTree = "<group>"; };
/* End PBXFileReference section */

/* Begin PBXFrameworksBuildPhase section */
		8594679A2A95EF0C00F565E4 /* Frameworks */ = {
			isa = PBXFrameworksBuildPhase;
			buildActionMask = 2147483647;
			files = (
				85072C9B2ABAE96A00269B5C /* GoogleSignInSwift in Frameworks */,
				859467BC2A95FC2200F565E4 /* OpenTDS in Frameworks */,
				8570456B2AC2D38900315057 /* LinkNavigator in Frameworks */,
				85072C992ABAE96A00269B5C /* GoogleSignIn in Frameworks */,
				859467BF2A95FC5900F565E4 /* Alamofire in Frameworks */,
				859E1BB02AB9631700F8C37D /* ComposableArchitecture in Frameworks */,
			);
			runOnlyForDeploymentPostprocessing = 0;
		};
/* End PBXFrameworksBuildPhase section */

/* Begin PBXGroup section */
		85072CA32ABB412400269B5C /* Component */ = {
			isa = PBXGroup;
			children = (
				857021DE2AA8A55B002CB09E /* CustomTimePickerView.swift */,
			);
			path = Component;
			sourceTree = "<group>";
		};
		85072CC52ABDB7A900269B5C /* Sub */ = {
			isa = PBXGroup;
			children = (
				85072CC62ABDB7BE00269B5C /* ProfileView.swift */,
				857045672AC2BA6100315057 /* EditProfileView.swift */,
			);
			path = Sub;
			sourceTree = "<group>";
		};
		8570456C2AC2D42E00315057 /* Dependency */ = {
			isa = PBXGroup;
			children = (
				857045702AC30BAB00315057 /* AppRouterGroup.swift */,
			);
			path = Dependency;
			sourceTree = "<group>";
		};
		8570456D2AC3032000315057 /* Navigator */ = {
			isa = PBXGroup;
			children = (
				8570456E2AC3033600315057 /* AppDependency.swift */,
			);
			path = Navigator;
			sourceTree = "<group>";
		};
		857045742AC30CDC00315057 /* TabView */ = {
			isa = PBXGroup;
			children = (
				859467AE2A95F05100F565E4 /* TabView.swift */,
			);
			path = TabView;
			sourceTree = "<group>";
		};
		8572D9B52AB1CC5000E70274 /* Fonts */ = {
			isa = PBXGroup;
			children = (
				8572D9B92AB1CE5F00E70274 /* Fonts.swift */,
				8597CA232AB9E80C00A3487E /* Pretendard-Bold.otf */,
				8597CA222AB9E80C00A3487E /* Pretendard-Light.otf */,
				8597CA1F2AB9E80C00A3487E /* Pretendard-Medium.otf */,
				8597CA202AB9E80C00A3487E /* Pretendard-Regular.otf */,
				8597CA242AB9E80C00A3487E /* Pretendard-SemiBold.otf */,
				8597CA212AB9E80C00A3487E /* Pretendard-Thin.otf */,
			);
			path = Fonts;
			sourceTree = "<group>";
		};
		859467942A95EF0C00F565E4 = {
			isa = PBXGroup;
			children = (
				8594679F2A95EF0C00F565E4 /* Eagle_Pop */,
				8594679E2A95EF0C00F565E4 /* Products */,
			);
			sourceTree = "<group>";
		};
		8594679E2A95EF0C00F565E4 /* Products */ = {
			isa = PBXGroup;
			children = (
				8594679D2A95EF0C00F565E4 /* Eagle_Pop.app */,
			);
			name = Products;
			sourceTree = "<group>";
		};
		8594679F2A95EF0C00F565E4 /* Eagle_Pop */ = {
			isa = PBXGroup;
			children = (
				859467B62A95F71400F565E4 /* Feature */,
				859467B72A95F77400F565E4 /* Resource */,
				859467A62A95EF0D00F565E4 /* Preview Content */,
			);
			path = Eagle_Pop;
			sourceTree = "<group>";
		};
		859467A62A95EF0D00F565E4 /* Preview Content */ = {
			isa = PBXGroup;
			children = (
				859467A72A95EF0D00F565E4 /* Preview Assets.xcassets */,
			);
			path = "Preview Content";
			sourceTree = "<group>";
		};
		859467B62A95F71400F565E4 /* Feature */ = {
			isa = PBXGroup;
			children = (
				8570456D2AC3032000315057 /* Navigator */,
				8570456C2AC2D42E00315057 /* Dependency */,
				85072CA32ABB412400269B5C /* Component */,
				857045742AC30CDC00315057 /* TabView */,
				859467C32A95FE5200F565E4 /* Signin */,
				859467C22A95FE3500F565E4 /* Main */,
				859467C72A95FF3B00F565E4 /* Social */,
				859467C42A95FE7200F565E4 /* Ranking */,
				859467CB2A96014400F565E4 /* Menu */,
			);
			path = Feature;
			sourceTree = "<group>";
		};
		859467B72A95F77400F565E4 /* Resource */ = {
			isa = PBXGroup;
			children = (
				859467B82A95F91700F565E4 /* LaunchScreen */,
				85072C952ABADE4E00269B5C /* client_224818744622-7ervdk2meqo3qme5s8ov003sot0goigt.apps.googleusercontent.com.plist */,
				8597CA2F2ABA002F00A3487E /* Eagle-Pop-Info.plist */,
				859467A42A95EF0D00F565E4 /* Assets.xcassets */,
				859467A02A95EF0C00F565E4 /* Eagle_PopApp.swift */,
				85FACF0E2AAAA7B70003A06F /* Request.swift */,
				8572D9B52AB1CC5000E70274 /* Fonts */,
			);
			path = Resource;
			sourceTree = "<group>";
		};
		859467B82A95F91700F565E4 /* LaunchScreen */ = {
			isa = PBXGroup;
			children = (
				859467B42A95F5B900F565E4 /* Launch Screen.storyboard */,
			);
			path = LaunchScreen;
			sourceTree = "<group>";
		};
		859467C22A95FE3500F565E4 /* Main */ = {
			isa = PBXGroup;
			children = (
				859467C02A95FE2F00F565E4 /* MainView.swift */,
				8597CA292AB9FEA300A3487E /* MainCore.swift */,
				857045722AC30BC300315057 /* MainRouteBuilder.swift */,
				857045752AC3A74E00315057 /* MainSideEffect.swift */,
				85FACF042AAA9B4D0003A06F /* SubView */,
			);
			path = Main;
			sourceTree = "<group>";
		};
		859467C32A95FE5200F565E4 /* Signin */ = {
			isa = PBXGroup;
			children = (
				859467B02A95F10700F565E4 /* SigninView.swift */,
			);
			path = Signin;
			sourceTree = "<group>";
		};
		859467C42A95FE7200F565E4 /* Ranking */ = {
			isa = PBXGroup;
			children = (
				859467C52A95FF2100F565E4 /* RankingView.swift */,
				8518AB062AC5A92600A4BA98 /* RankingCore.swift */,
				8518AB082AC5A94000A4BA98 /* RankingRouteBuilder.swift */,
				8518AB0A2AC5AE5C00A4BA98 /* PersonalRankingListView.swift */,
			);
			path = Ranking;
			sourceTree = "<group>";
		};
		859467C72A95FF3B00F565E4 /* Social */ = {
			isa = PBXGroup;
			children = (
				859467C82A95FF8600F565E4 /* SocialView.swift */,
			);
			path = Social;
			sourceTree = "<group>";
		};
		859467CB2A96014400F565E4 /* Menu */ = {
			isa = PBXGroup;
			children = (
				859467CC2A96017500F565E4 /* MenuView.swift */,
				85072CC92ABDB81700269B5C /* MenuCore.swift */,
				85072CC52ABDB7A900269B5C /* Sub */,
			);
			path = Menu;
			sourceTree = "<group>";
		};
		85FACF042AAA9B4D0003A06F /* SubView */ = {
			isa = PBXGroup;
			children = (
				859469442A9D9BCF00F565E4 /* CircleProgressBar.swift */,
				8572D9BB2AB1F82B00E70274 /* TimerView.swift */,
			);
			path = SubView;
			sourceTree = "<group>";
		};
/* End PBXGroup section */

/* Begin PBXNativeTarget section */
		8594679C2A95EF0C00F565E4 /* Eagle_Pop */ = {
			isa = PBXNativeTarget;
			buildConfigurationList = 859467AB2A95EF0D00F565E4 /* Build configuration list for PBXNativeTarget "Eagle_Pop" */;
			buildPhases = (
				859467992A95EF0C00F565E4 /* Sources */,
				8594679A2A95EF0C00F565E4 /* Frameworks */,
				8594679B2A95EF0C00F565E4 /* Resources */,
			);
			buildRules = (
			);
			dependencies = (
			);
			name = Eagle_Pop;
			packageProductDependencies = (
				859467BB2A95FC2200F565E4 /* OpenTDS */,
				859467BE2A95FC5900F565E4 /* Alamofire */,
				859E1BAF2AB9631700F8C37D /* ComposableArchitecture */,
				85072C982ABAE96A00269B5C /* GoogleSignIn */,
				85072C9A2ABAE96A00269B5C /* GoogleSignInSwift */,
				8570456A2AC2D38900315057 /* LinkNavigator */,
			);
			productName = Eagle_Pop;
			productReference = 8594679D2A95EF0C00F565E4 /* Eagle_Pop.app */;
			productType = "com.apple.product-type.application";
		};
/* End PBXNativeTarget section */

/* Begin PBXProject section */
		859467952A95EF0C00F565E4 /* Project object */ = {
			isa = PBXProject;
			attributes = {
				BuildIndependentTargetsInParallel = 1;
				LastSwiftUpdateCheck = 1430;
				LastUpgradeCheck = 1430;
				TargetAttributes = {
					8594679C2A95EF0C00F565E4 = {
						CreatedOnToolsVersion = 14.3.1;
					};
				};
			};
			buildConfigurationList = 859467982A95EF0C00F565E4 /* Build configuration list for PBXProject "Eagle_Pop" */;
			compatibilityVersion = "Xcode 14.0";
			developmentRegion = en;
			hasScannedForEncodings = 0;
			knownRegions = (
				en,
				Base,
			);
			mainGroup = 859467942A95EF0C00F565E4;
			packageReferences = (
				859467BA2A95FC2200F565E4 /* XCRemoteSwiftPackageReference "OpenTDS" */,
				859467BD2A95FC5900F565E4 /* XCRemoteSwiftPackageReference "Alamofire" */,
				857021E02AA99CEB002CB09E /* XCRemoteSwiftPackageReference "Then" */,
				859E1BAE2AB9631700F8C37D /* XCRemoteSwiftPackageReference "swift-composable-architecture" */,
				85072C972ABAE96A00269B5C /* XCRemoteSwiftPackageReference "GoogleSignIn-iOS" */,
				857045692AC2D38900315057 /* XCRemoteSwiftPackageReference "LinkNavigator" */,
			);
			productRefGroup = 8594679E2A95EF0C00F565E4 /* Products */;
			projectDirPath = "";
			projectRoot = "";
			targets = (
				8594679C2A95EF0C00F565E4 /* Eagle_Pop */,
			);
		};
/* End PBXProject section */

/* Begin PBXResourcesBuildPhase section */
		8594679B2A95EF0C00F565E4 /* Resources */ = {
			isa = PBXResourcesBuildPhase;
			buildActionMask = 2147483647;
			files = (
				85072C9C2ABAFE8900269B5C /* Pretendard-Bold.otf in Resources */,
				85072C9D2ABAFE8900269B5C /* Pretendard-Light.otf in Resources */,
				85072C9E2ABAFE8900269B5C /* Pretendard-Medium.otf in Resources */,
				85072C9F2ABAFE8900269B5C /* Pretendard-Regular.otf in Resources */,
				85072CA02ABAFE8900269B5C /* Pretendard-SemiBold.otf in Resources */,
				85072CA12ABAFE8900269B5C /* Pretendard-Thin.otf in Resources */,
				85072C962ABADE4E00269B5C /* client_224818744622-7ervdk2meqo3qme5s8ov003sot0goigt.apps.googleusercontent.com.plist in Resources */,
				859467B52A95F5B900F565E4 /* Launch Screen.storyboard in Resources */,
				8597CA302ABA002F00A3487E /* Eagle-Pop-Info.plist in Resources */,
				859467A82A95EF0D00F565E4 /* Preview Assets.xcassets in Resources */,
				859467A52A95EF0D00F565E4 /* Assets.xcassets in Resources */,
			);
			runOnlyForDeploymentPostprocessing = 0;
		};
/* End PBXResourcesBuildPhase section */

/* Begin PBXSourcesBuildPhase section */
		859467992A95EF0C00F565E4 /* Sources */ = {
			isa = PBXSourcesBuildPhase;
			buildActionMask = 2147483647;
			files = (
				859467AF2A95F05100F565E4 /* TabView.swift in Sources */,
				857045682AC2BA6100315057 /* EditProfileView.swift in Sources */,
				859467CD2A96017500F565E4 /* MenuView.swift in Sources */,
				859467C12A95FE2F00F565E4 /* MainView.swift in Sources */,
				859467C62A95FF2100F565E4 /* RankingView.swift in Sources */,
				8518AB0B2AC5AE5C00A4BA98 /* PersonalRankingListView.swift in Sources */,
				8572D9BA2AB1CE5F00E70274 /* Fonts.swift in Sources */,
				8518AB092AC5A94000A4BA98 /* RankingRouteBuilder.swift in Sources */,
				8570456F2AC3033600315057 /* AppDependency.swift in Sources */,
				8572D9BC2AB1F82B00E70274 /* TimerView.swift in Sources */,
				85072CCA2ABDB81700269B5C /* MenuCore.swift in Sources */,
				85072CC72ABDB7BE00269B5C /* ProfileView.swift in Sources */,
				8518AB072AC5A92600A4BA98 /* RankingCore.swift in Sources */,
				857021DF2AA8A55B002CB09E /* CustomTimePickerView.swift in Sources */,
				859467B12A95F10700F565E4 /* SigninView.swift in Sources */,
				8597CA2A2AB9FEA300A3487E /* MainCore.swift in Sources */,
				85FACF0F2AAAA7B70003A06F /* Request.swift in Sources */,
				857045732AC30BC300315057 /* MainRouteBuilder.swift in Sources */,
				859469452A9D9BCF00F565E4 /* CircleProgressBar.swift in Sources */,
				859467A12A95EF0C00F565E4 /* Eagle_PopApp.swift in Sources */,
				857045712AC30BAB00315057 /* AppRouterGroup.swift in Sources */,
				857045762AC3A74E00315057 /* MainSideEffect.swift in Sources */,
				859467C92A95FF8600F565E4 /* SocialView.swift in Sources */,
			);
			runOnlyForDeploymentPostprocessing = 0;
		};
/* End PBXSourcesBuildPhase section */

/* Begin XCBuildConfiguration section */
		859467A92A95EF0D00F565E4 /* Debug */ = {
			isa = XCBuildConfiguration;
			buildSettings = {
				ALWAYS_SEARCH_USER_PATHS = NO;
				CLANG_ANALYZER_NONNULL = YES;
				CLANG_ANALYZER_NUMBER_OBJECT_CONVERSION = YES_AGGRESSIVE;
				CLANG_CXX_LANGUAGE_STANDARD = "gnu++20";
				CLANG_ENABLE_MODULES = YES;
				CLANG_ENABLE_OBJC_ARC = YES;
				CLANG_ENABLE_OBJC_WEAK = YES;
				CLANG_WARN_BLOCK_CAPTURE_AUTORELEASING = YES;
				CLANG_WARN_BOOL_CONVERSION = YES;
				CLANG_WARN_COMMA = YES;
				CLANG_WARN_CONSTANT_CONVERSION = YES;
				CLANG_WARN_DEPRECATED_OBJC_IMPLEMENTATIONS = YES;
				CLANG_WARN_DIRECT_OBJC_ISA_USAGE = YES_ERROR;
				CLANG_WARN_DOCUMENTATION_COMMENTS = YES;
				CLANG_WARN_EMPTY_BODY = YES;
				CLANG_WARN_ENUM_CONVERSION = YES;
				CLANG_WARN_INFINITE_RECURSION = YES;
				CLANG_WARN_INT_CONVERSION = YES;
				CLANG_WARN_NON_LITERAL_NULL_CONVERSION = YES;
				CLANG_WARN_OBJC_IMPLICIT_RETAIN_SELF = YES;
				CLANG_WARN_OBJC_LITERAL_CONVERSION = YES;
				CLANG_WARN_OBJC_ROOT_CLASS = YES_ERROR;
				CLANG_WARN_QUOTED_INCLUDE_IN_FRAMEWORK_HEADER = YES;
				CLANG_WARN_RANGE_LOOP_ANALYSIS = YES;
				CLANG_WARN_STRICT_PROTOTYPES = YES;
				CLANG_WARN_SUSPICIOUS_MOVE = YES;
				CLANG_WARN_UNGUARDED_AVAILABILITY = YES_AGGRESSIVE;
				CLANG_WARN_UNREACHABLE_CODE = YES;
				CLANG_WARN__DUPLICATE_METHOD_MATCH = YES;
				COPY_PHASE_STRIP = NO;
				DEBUG_INFORMATION_FORMAT = dwarf;
				ENABLE_STRICT_OBJC_MSGSEND = YES;
				ENABLE_TESTABILITY = YES;
				GCC_C_LANGUAGE_STANDARD = gnu11;
				GCC_DYNAMIC_NO_PIC = NO;
				GCC_NO_COMMON_BLOCKS = YES;
				GCC_OPTIMIZATION_LEVEL = 0;
				GCC_PREPROCESSOR_DEFINITIONS = (
					"DEBUG=1",
					"$(inherited)",
				);
				GCC_WARN_64_TO_32_BIT_CONVERSION = YES;
				GCC_WARN_ABOUT_RETURN_TYPE = YES_ERROR;
				GCC_WARN_UNDECLARED_SELECTOR = YES;
				GCC_WARN_UNINITIALIZED_AUTOS = YES_AGGRESSIVE;
				GCC_WARN_UNUSED_FUNCTION = YES;
				GCC_WARN_UNUSED_VARIABLE = YES;
				INFOPLIST_FILE = "Eagle_Pop/Resource/Eagle-Pop-Info.plist";
				IPHONEOS_DEPLOYMENT_TARGET = 16.4;
				MTL_ENABLE_DEBUG_INFO = INCLUDE_SOURCE;
				MTL_FAST_MATH = YES;
				ONLY_ACTIVE_ARCH = YES;
				SDKROOT = iphoneos;
				SWIFT_ACTIVE_COMPILATION_CONDITIONS = DEBUG;
				SWIFT_OPTIMIZATION_LEVEL = "-Onone";
			};
			name = Debug;
		};
		859467AA2A95EF0D00F565E4 /* Release */ = {
			isa = XCBuildConfiguration;
			buildSettings = {
				ALWAYS_SEARCH_USER_PATHS = NO;
				CLANG_ANALYZER_NONNULL = YES;
				CLANG_ANALYZER_NUMBER_OBJECT_CONVERSION = YES_AGGRESSIVE;
				CLANG_CXX_LANGUAGE_STANDARD = "gnu++20";
				CLANG_ENABLE_MODULES = YES;
				CLANG_ENABLE_OBJC_ARC = YES;
				CLANG_ENABLE_OBJC_WEAK = YES;
				CLANG_WARN_BLOCK_CAPTURE_AUTORELEASING = YES;
				CLANG_WARN_BOOL_CONVERSION = YES;
				CLANG_WARN_COMMA = YES;
				CLANG_WARN_CONSTANT_CONVERSION = YES;
				CLANG_WARN_DEPRECATED_OBJC_IMPLEMENTATIONS = YES;
				CLANG_WARN_DIRECT_OBJC_ISA_USAGE = YES_ERROR;
				CLANG_WARN_DOCUMENTATION_COMMENTS = YES;
				CLANG_WARN_EMPTY_BODY = YES;
				CLANG_WARN_ENUM_CONVERSION = YES;
				CLANG_WARN_INFINITE_RECURSION = YES;
				CLANG_WARN_INT_CONVERSION = YES;
				CLANG_WARN_NON_LITERAL_NULL_CONVERSION = YES;
				CLANG_WARN_OBJC_IMPLICIT_RETAIN_SELF = YES;
				CLANG_WARN_OBJC_LITERAL_CONVERSION = YES;
				CLANG_WARN_OBJC_ROOT_CLASS = YES_ERROR;
				CLANG_WARN_QUOTED_INCLUDE_IN_FRAMEWORK_HEADER = YES;
				CLANG_WARN_RANGE_LOOP_ANALYSIS = YES;
				CLANG_WARN_STRICT_PROTOTYPES = YES;
				CLANG_WARN_SUSPICIOUS_MOVE = YES;
				CLANG_WARN_UNGUARDED_AVAILABILITY = YES_AGGRESSIVE;
				CLANG_WARN_UNREACHABLE_CODE = YES;
				CLANG_WARN__DUPLICATE_METHOD_MATCH = YES;
				COPY_PHASE_STRIP = NO;
				DEBUG_INFORMATION_FORMAT = "dwarf-with-dsym";
				ENABLE_NS_ASSERTIONS = NO;
				ENABLE_STRICT_OBJC_MSGSEND = YES;
				GCC_C_LANGUAGE_STANDARD = gnu11;
				GCC_NO_COMMON_BLOCKS = YES;
				GCC_WARN_64_TO_32_BIT_CONVERSION = YES;
				GCC_WARN_ABOUT_RETURN_TYPE = YES_ERROR;
				GCC_WARN_UNDECLARED_SELECTOR = YES;
				GCC_WARN_UNINITIALIZED_AUTOS = YES_AGGRESSIVE;
				GCC_WARN_UNUSED_FUNCTION = YES;
				GCC_WARN_UNUSED_VARIABLE = YES;
				INFOPLIST_FILE = "Eagle_Pop/Resource/Eagle-Pop-Info.plist";
				IPHONEOS_DEPLOYMENT_TARGET = 16.4;
				MTL_ENABLE_DEBUG_INFO = NO;
				MTL_FAST_MATH = YES;
				SDKROOT = iphoneos;
				SWIFT_COMPILATION_MODE = wholemodule;
				SWIFT_OPTIMIZATION_LEVEL = "-O";
				VALIDATE_PRODUCT = YES;
			};
			name = Release;
		};
		859467AC2A95EF0D00F565E4 /* Debug */ = {
			isa = XCBuildConfiguration;
			buildSettings = {
				ASSETCATALOG_COMPILER_APPICON_NAME = AppIcon;
				ASSETCATALOG_COMPILER_GLOBAL_ACCENT_COLOR_NAME = AccentColor;
				CODE_SIGN_STYLE = Automatic;
				CURRENT_PROJECT_VERSION = 1;
				DEVELOPMENT_ASSET_PATHS = "\"Eagle_Pop/Preview Content\"";
				DEVELOPMENT_TEAM = W7X5HRD463;
				ENABLE_PREVIEWS = YES;
				GENERATE_INFOPLIST_FILE = YES;
				INFOPLIST_FILE = "Eagle_Pop/Resource/Eagle-Pop-Info.plist";
				INFOPLIST_KEY_UIApplicationSceneManifest_Generation = YES;
				INFOPLIST_KEY_UIApplicationSupportsIndirectInputEvents = YES;
				INFOPLIST_KEY_UILaunchScreen_Generation = YES;
				INFOPLIST_KEY_UISupportedInterfaceOrientations_iPad = "UIInterfaceOrientationPortrait UIInterfaceOrientationPortraitUpsideDown UIInterfaceOrientationLandscapeLeft UIInterfaceOrientationLandscapeRight";
				INFOPLIST_KEY_UISupportedInterfaceOrientations_iPhone = "UIInterfaceOrientationPortrait UIInterfaceOrientationLandscapeLeft UIInterfaceOrientationLandscapeRight";
				LD_RUNPATH_SEARCH_PATHS = (
					"$(inherited)",
					"@executable_path/Frameworks",
				);
				MARKETING_VERSION = 1.0;
				PRODUCT_BUNDLE_IDENTIFIER = "com.dgsw.Narsha.Eagle-Pop";
				PRODUCT_NAME = "$(TARGET_NAME)";
				SWIFT_EMIT_LOC_STRINGS = YES;
				SWIFT_VERSION = 5.0;
				TARGETED_DEVICE_FAMILY = "1,2";
			};
			name = Debug;
		};
		859467AD2A95EF0D00F565E4 /* Release */ = {
			isa = XCBuildConfiguration;
			buildSettings = {
				ASSETCATALOG_COMPILER_APPICON_NAME = AppIcon;
				ASSETCATALOG_COMPILER_GLOBAL_ACCENT_COLOR_NAME = AccentColor;
				CODE_SIGN_STYLE = Automatic;
				CURRENT_PROJECT_VERSION = 1;
				DEVELOPMENT_ASSET_PATHS = "\"Eagle_Pop/Preview Content\"";
				DEVELOPMENT_TEAM = W7X5HRD463;
				ENABLE_PREVIEWS = YES;
				GENERATE_INFOPLIST_FILE = YES;
				INFOPLIST_FILE = "Eagle_Pop/Resource/Eagle-Pop-Info.plist";
				INFOPLIST_KEY_UIApplicationSceneManifest_Generation = YES;
				INFOPLIST_KEY_UIApplicationSupportsIndirectInputEvents = YES;
				INFOPLIST_KEY_UILaunchScreen_Generation = YES;
				INFOPLIST_KEY_UISupportedInterfaceOrientations_iPad = "UIInterfaceOrientationPortrait UIInterfaceOrientationPortraitUpsideDown UIInterfaceOrientationLandscapeLeft UIInterfaceOrientationLandscapeRight";
				INFOPLIST_KEY_UISupportedInterfaceOrientations_iPhone = "UIInterfaceOrientationPortrait UIInterfaceOrientationLandscapeLeft UIInterfaceOrientationLandscapeRight";
				LD_RUNPATH_SEARCH_PATHS = (
					"$(inherited)",
					"@executable_path/Frameworks",
				);
				MARKETING_VERSION = 1.0;
				PRODUCT_BUNDLE_IDENTIFIER = "com.dgsw.Narsha.Eagle-Pop";
				PRODUCT_NAME = "$(TARGET_NAME)";
				SWIFT_EMIT_LOC_STRINGS = YES;
				SWIFT_VERSION = 5.0;
				TARGETED_DEVICE_FAMILY = "1,2";
			};
			name = Release;
		};
/* End XCBuildConfiguration section */

/* Begin XCConfigurationList section */
		859467982A95EF0C00F565E4 /* Build configuration list for PBXProject "Eagle_Pop" */ = {
			isa = XCConfigurationList;
			buildConfigurations = (
				859467A92A95EF0D00F565E4 /* Debug */,
				859467AA2A95EF0D00F565E4 /* Release */,
			);
			defaultConfigurationIsVisible = 0;
			defaultConfigurationName = Release;
		};
		859467AB2A95EF0D00F565E4 /* Build configuration list for PBXNativeTarget "Eagle_Pop" */ = {
			isa = XCConfigurationList;
			buildConfigurations = (
				859467AC2A95EF0D00F565E4 /* Debug */,
				859467AD2A95EF0D00F565E4 /* Release */,
			);
			defaultConfigurationIsVisible = 0;
			defaultConfigurationName = Release;
		};
/* End XCConfigurationList section */

/* Begin XCRemoteSwiftPackageReference section */
		85072C972ABAE96A00269B5C /* XCRemoteSwiftPackageReference "GoogleSignIn-iOS" */ = {
			isa = XCRemoteSwiftPackageReference;
			repositoryURL = "https://github.com/google/GoogleSignIn-iOS";
			requirement = {
				kind = upToNextMajorVersion;
				minimumVersion = 7.0.0;
			};
		};
		857021E02AA99CEB002CB09E /* XCRemoteSwiftPackageReference "Then" */ = {
			isa = XCRemoteSwiftPackageReference;
			repositoryURL = "https://github.com/devxoul/Then.git";
			requirement = {
				kind = upToNextMajorVersion;
				minimumVersion = 3.0.0;
			};
		};
		857045692AC2D38900315057 /* XCRemoteSwiftPackageReference "LinkNavigator" */ = {
			isa = XCRemoteSwiftPackageReference;
			repositoryURL = "https://github.com/interactord/LinkNavigator.git";
			requirement = {
				kind = upToNextMajorVersion;
				minimumVersion = 0.8.9;
			};
		};
		859467BA2A95FC2200F565E4 /* XCRemoteSwiftPackageReference "OpenTDS" */ = {
			isa = XCRemoteSwiftPackageReference;
			repositoryURL = "https://github.com/Mercen-Lee/OpenTDS.git";
			requirement = {
				branch = main;
				kind = branch;
			};
		};
		859467BD2A95FC5900F565E4 /* XCRemoteSwiftPackageReference "Alamofire" */ = {
			isa = XCRemoteSwiftPackageReference;
			repositoryURL = "https://github.com/Alamofire/Alamofire";
			requirement = {
				kind = upToNextMajorVersion;
				minimumVersion = 5.0.0;
			};
		};
		859E1BAE2AB9631700F8C37D /* XCRemoteSwiftPackageReference "swift-composable-architecture" */ = {
			isa = XCRemoteSwiftPackageReference;
			repositoryURL = "https://github.com/pointfreeco/swift-composable-architecture";
			requirement = {
				kind = upToNextMajorVersion;
				minimumVersion = 1.0.0;
			};
		};
/* End XCRemoteSwiftPackageReference section */

/* Begin XCSwiftPackageProductDependency section */
		85072C982ABAE96A00269B5C /* GoogleSignIn */ = {
			isa = XCSwiftPackageProductDependency;
			package = 85072C972ABAE96A00269B5C /* XCRemoteSwiftPackageReference "GoogleSignIn-iOS" */;
			productName = GoogleSignIn;
		};
		85072C9A2ABAE96A00269B5C /* GoogleSignInSwift */ = {
			isa = XCSwiftPackageProductDependency;
			package = 85072C972ABAE96A00269B5C /* XCRemoteSwiftPackageReference "GoogleSignIn-iOS" */;
			productName = GoogleSignInSwift;
		};
		8570456A2AC2D38900315057 /* LinkNavigator */ = {
			isa = XCSwiftPackageProductDependency;
			package = 857045692AC2D38900315057 /* XCRemoteSwiftPackageReference "LinkNavigator" */;
			productName = LinkNavigator;
		};
		859467BB2A95FC2200F565E4 /* OpenTDS */ = {
			isa = XCSwiftPackageProductDependency;
			package = 859467BA2A95FC2200F565E4 /* XCRemoteSwiftPackageReference "OpenTDS" */;
			productName = OpenTDS;
		};
		859467BE2A95FC5900F565E4 /* Alamofire */ = {
			isa = XCSwiftPackageProductDependency;
			package = 859467BD2A95FC5900F565E4 /* XCRemoteSwiftPackageReference "Alamofire" */;
			productName = Alamofire;
		};
		859E1BAF2AB9631700F8C37D /* ComposableArchitecture */ = {
			isa = XCSwiftPackageProductDependency;
			package = 859E1BAE2AB9631700F8C37D /* XCRemoteSwiftPackageReference "swift-composable-architecture" */;
			productName = ComposableArchitecture;
		};
/* End XCSwiftPackageProductDependency section */
	};
	rootObject = 859467952A95EF0C00F565E4 /* Project object */;
}
