// !$*UTF8*$!
{
	archiveVersion = 1;
	classes = {
	};
	objectVersion = 56;
	objects = {

/* Begin PBXBuildFile section */
		85072C962ABADE4E00269B5C /* client_224818744622-7ervdk2meqo3qme5s8ov003sot0goigt.apps.googleusercontent.com.plist in Resources */ = {isa = PBXBuildFile; fileRef = 85072C952ABADE4E00269B5C /* client_224818744622-7ervdk2meqo3qme5s8ov003sot0goigt.apps.googleusercontent.com.plist */; };
		85072C992ABAE96A00269B5C /* GoogleSignIn in Frameworks */ = {isa = PBXBuildFile; productRef = 85072C982ABAE96A00269B5C /* GoogleSignIn */; };
		85072C9B2ABAE96A00269B5C /* GoogleSignInSwift in Frameworks */ = {isa = PBXBuildFile; productRef = 85072C9A2ABAE96A00269B5C /* GoogleSignInSwift */; };
		85072C9C2ABAFE8900269B5C /* Pretendard-Bold.otf in Resources */ = {isa = PBXBuildFile; fileRef = 8597CA232AB9E80C00A3487E /* Pretendard-Bold.otf */; };
		85072C9D2ABAFE8900269B5C /* Pretendard-Light.otf in Resources */ = {isa = PBXBuildFile; fileRef = 8597CA222AB9E80C00A3487E /* Pretendard-Light.otf */; };
		85072C9E2ABAFE8900269B5C /* Pretendard-Medium.otf in Resources */ = {isa = PBXBuildFile; fileRef = 8597CA1F2AB9E80C00A3487E /* Pretendard-Medium.otf */; };
		85072C9F2ABAFE8900269B5C /* Pretendard-Regular.otf in Resources */ = {isa = PBXBuildFile; fileRef = 8597CA202AB9E80C00A3487E /* Pretendard-Regular.otf */; };
		85072CA02ABAFE8900269B5C /* Pretendard-SemiBold.otf in Resources */ = {isa = PBXBuildFile; fileRef = 8597CA242AB9E80C00A3487E /* Pretendard-SemiBold.otf */; };
		85072CA12ABAFE8900269B5C /* Pretendard-Thin.otf in Resources */ = {isa = PBXBuildFile; fileRef = 8597CA212AB9E80C00A3487E /* Pretendard-Thin.otf */; };
		85072CC72ABDB7BE00269B5C /* ProfileView.swift in Sources */ = {isa = PBXBuildFile; fileRef = 85072CC62ABDB7BE00269B5C /* ProfileView.swift */; };
		85072CCA2ABDB81700269B5C /* MenuCore.swift in Sources */ = {isa = PBXBuildFile; fileRef = 85072CC92ABDB81700269B5C /* MenuCore.swift */; };
		8518AB072AC5A92600A4BA98 /* RankingCore.swift in Sources */ = {isa = PBXBuildFile; fileRef = 8518AB062AC5A92600A4BA98 /* RankingCore.swift */; };
		8518AB092AC5A94000A4BA98 /* RankingRouteBuilder.swift in Sources */ = {isa = PBXBuildFile; fileRef = 8518AB082AC5A94000A4BA98 /* RankingRouteBuilder.swift */; };
		85300D452ACB1EC1009AC322 /* AppInfoView.swift in Sources */ = {isa = PBXBuildFile; fileRef = 85300D442ACB1EC1009AC322 /* AppInfoView.swift */; };
		85300D472ACC3565009AC322 /* RankingListView.swift in Sources */ = {isa = PBXBuildFile; fileRef = 85300D462ACC3565009AC322 /* RankingListView.swift */; };
		85300D4B2ACC359B009AC322 /* RankingInfo.swift in Sources */ = {isa = PBXBuildFile; fileRef = 85300D4A2ACC359B009AC322 /* RankingInfo.swift */; };
		853C602D2AD69C5D00ACD89A /* OpenSourceView.swift in Sources */ = {isa = PBXBuildFile; fileRef = 853C602C2AD69C5D00ACD89A /* OpenSourceView.swift */; };
		853C602F2AD69C7C00ACD89A /* DeveloperInfoView.swift in Sources */ = {isa = PBXBuildFile; fileRef = 853C602E2AD69C7C00ACD89A /* DeveloperInfoView.swift */; };
		853C60312AD69CB000ACD89A /* VersionInfoView.swift in Sources */ = {isa = PBXBuildFile; fileRef = 853C60302AD69CB000ACD89A /* VersionInfoView.swift */; };
		853C60352AD6B3E100ACD89A /* MenuRouterBuilder.swift in Sources */ = {isa = PBXBuildFile; fileRef = 853C60342AD6B3E100ACD89A /* MenuRouterBuilder.swift */; };
		853C60372AD6B7AE00ACD89A /* AppSideEffect.swift in Sources */ = {isa = PBXBuildFile; fileRef = 853C60362AD6B7AE00ACD89A /* AppSideEffect.swift */; };
		854A90972ACDB41800AEA6CF /* SocialListView.swift in Sources */ = {isa = PBXBuildFile; fileRef = 854A90962ACDB41800AEA6CF /* SocialListView.swift */; };
		854A90992ACDBE2700AEA6CF /* SerchListModel.swift in Sources */ = {isa = PBXBuildFile; fileRef = 854A90982ACDBE2700AEA6CF /* SerchListModel.swift */; };
		854A909B2ACDE2E300AEA6CF /* getData.swift in Sources */ = {isa = PBXBuildFile; fileRef = 854A909A2ACDE2E300AEA6CF /* getData.swift */; };
		854A909D2ACE3DB600AEA6CF /* AppInfo.swift in Sources */ = {isa = PBXBuildFile; fileRef = 854A909C2ACE3DB600AEA6CF /* AppInfo.swift */; };
		854A90A42ACEDE1F00AEA6CF /* AppDelegate.swift in Sources */ = {isa = PBXBuildFile; fileRef = 854A90A32ACEDE1F00AEA6CF /* AppDelegate.swift */; };
		854A90A62ACF144500AEA6CF /* RootTabRouteBuilder.swift in Sources */ = {isa = PBXBuildFile; fileRef = 854A90A52ACF144500AEA6CF /* RootTabRouteBuilder.swift */; };
		855396332AE7801F00575932 /* OpenSourceRouteBuilder.swift in Sources */ = {isa = PBXBuildFile; fileRef = 855396322AE7801F00575932 /* OpenSourceRouteBuilder.swift */; };
		855396362AE7809C00575932 /* OpenSourceSideEffect.swift in Sources */ = {isa = PBXBuildFile; fileRef = 855396352AE7809C00575932 /* OpenSourceSideEffect.swift */; };
		8553963A2AE7815000575932 /* DeveloperInfoRouteBuilder.swift in Sources */ = {isa = PBXBuildFile; fileRef = 855396382AE7815000575932 /* DeveloperInfoRouteBuilder.swift */; };
		8553963B2AE7815000575932 /* DeveloperInfoSideEffect.swift in Sources */ = {isa = PBXBuildFile; fileRef = 855396392AE7815000575932 /* DeveloperInfoSideEffect.swift */; };
		8553963F2AE781F600575932 /* VersionInfoRouteBuilder.swift in Sources */ = {isa = PBXBuildFile; fileRef = 8553963E2AE781F600575932 /* VersionInfoRouteBuilder.swift */; };
		855396402AE781F600575932 /* VersionInfoSideEffect.swift in Sources */ = {isa = PBXBuildFile; fileRef = 8553963D2AE781F600575932 /* VersionInfoSideEffect.swift */; };
		855396422AE78CAE00575932 /* VersionInfoCore.swift in Sources */ = {isa = PBXBuildFile; fileRef = 855396412AE78CAE00575932 /* VersionInfoCore.swift */; };
		855396442AE78CB000575932 /* DeveloperInfoCore.swift in Sources */ = {isa = PBXBuildFile; fileRef = 855396432AE78CB000575932 /* DeveloperInfoCore.swift */; };
		855632012AC5E36200C12B12 /* Launch Screen.storyboard in Resources */ = {isa = PBXBuildFile; fileRef = 855632002AC5E36200C12B12 /* Launch Screen.storyboard */; };
		856C73AB2ADB52F6004CBC9C /* SigninCore.swift in Sources */ = {isa = PBXBuildFile; fileRef = 856C73AA2ADB52F6004CBC9C /* SigninCore.swift */; };
		856C73AD2ADD11C1004CBC9C /* CustomButtonStyle.swift in Sources */ = {isa = PBXBuildFile; fileRef = 856C73AC2ADD11C1004CBC9C /* CustomButtonStyle.swift */; };
		856C74082ADE146B004CBC9C /* SocialCore.swift in Sources */ = {isa = PBXBuildFile; fileRef = 856C74072ADE146B004CBC9C /* SocialCore.swift */; };
		856C74122ADECF46004CBC9C /* OpenTDS in Frameworks */ = {isa = PBXBuildFile; productRef = 856C74112ADECF46004CBC9C /* OpenTDS */; };
		856C74142ADFC456004CBC9C /* Token.swift in Sources */ = {isa = PBXBuildFile; fileRef = 856C74132ADFC456004CBC9C /* Token.swift */; };
		856C74162ADFC7C7004CBC9C /* API.swift in Sources */ = {isa = PBXBuildFile; fileRef = 856C74152ADFC7C7004CBC9C /* API.swift */; };
		856C74182ADFCC43004CBC9C /* SigninModel.swift in Sources */ = {isa = PBXBuildFile; fileRef = 856C74172ADFCC43004CBC9C /* SigninModel.swift */; };
		857021DF2AA8A55B002CB09E /* CustomTimePickerView.swift in Sources */ = {isa = PBXBuildFile; fileRef = 857021DE2AA8A55B002CB09E /* CustomTimePickerView.swift */; };
		857045682AC2BA6100315057 /* EditProfileView.swift in Sources */ = {isa = PBXBuildFile; fileRef = 857045672AC2BA6100315057 /* EditProfileView.swift */; };
		8570456B2AC2D38900315057 /* LinkNavigator in Frameworks */ = {isa = PBXBuildFile; productRef = 8570456A2AC2D38900315057 /* LinkNavigator */; };
		8570456F2AC3033600315057 /* AppDependency.swift in Sources */ = {isa = PBXBuildFile; fileRef = 8570456E2AC3033600315057 /* AppDependency.swift */; };
		857045712AC30BAB00315057 /* AppRouterGroup.swift in Sources */ = {isa = PBXBuildFile; fileRef = 857045702AC30BAB00315057 /* AppRouterGroup.swift */; };
		857045762AC3A74E00315057 /* MenuSideEffect.swift in Sources */ = {isa = PBXBuildFile; fileRef = 857045752AC3A74E00315057 /* MenuSideEffect.swift */; };
		8572D9BA2AB1CE5F00E70274 /* Fonts.swift in Sources */ = {isa = PBXBuildFile; fileRef = 8572D9B92AB1CE5F00E70274 /* Fonts.swift */; };
		8572D9BC2AB1F82B00E70274 /* TimerView.swift in Sources */ = {isa = PBXBuildFile; fileRef = 8572D9BB2AB1F82B00E70274 /* TimerView.swift */; };
		859467A12A95EF0C00F565E4 /* Eagle_PopApp.swift in Sources */ = {isa = PBXBuildFile; fileRef = 859467A02A95EF0C00F565E4 /* Eagle_PopApp.swift */; };
		859467A52A95EF0D00F565E4 /* Assets.xcassets in Resources */ = {isa = PBXBuildFile; fileRef = 859467A42A95EF0D00F565E4 /* Assets.xcassets */; };
		859467A82A95EF0D00F565E4 /* Preview Assets.xcassets in Resources */ = {isa = PBXBuildFile; fileRef = 859467A72A95EF0D00F565E4 /* Preview Assets.xcassets */; };
		859467AF2A95F05100F565E4 /* RootTabView.swift in Sources */ = {isa = PBXBuildFile; fileRef = 859467AE2A95F05100F565E4 /* RootTabView.swift */; };
		859467B12A95F10700F565E4 /* SigninView.swift in Sources */ = {isa = PBXBuildFile; fileRef = 859467B02A95F10700F565E4 /* SigninView.swift */; };
		859467BF2A95FC5900F565E4 /* Alamofire in Frameworks */ = {isa = PBXBuildFile; productRef = 859467BE2A95FC5900F565E4 /* Alamofire */; };
		859467C12A95FE2F00F565E4 /* MainView.swift in Sources */ = {isa = PBXBuildFile; fileRef = 859467C02A95FE2F00F565E4 /* MainView.swift */; };
		859467C62A95FF2100F565E4 /* RankingView.swift in Sources */ = {isa = PBXBuildFile; fileRef = 859467C52A95FF2100F565E4 /* RankingView.swift */; };
		859467C92A95FF8600F565E4 /* SocialView.swift in Sources */ = {isa = PBXBuildFile; fileRef = 859467C82A95FF8600F565E4 /* SocialView.swift */; };
		859467CD2A96017500F565E4 /* MenuView.swift in Sources */ = {isa = PBXBuildFile; fileRef = 859467CC2A96017500F565E4 /* MenuView.swift */; };
		859469452A9D9BCF00F565E4 /* CircleProgressBar.swift in Sources */ = {isa = PBXBuildFile; fileRef = 859469442A9D9BCF00F565E4 /* CircleProgressBar.swift */; };
		8597CA2A2AB9FEA300A3487E /* MainCore.swift in Sources */ = {isa = PBXBuildFile; fileRef = 8597CA292AB9FEA300A3487E /* MainCore.swift */; };
		8597CA302ABA002F00A3487E /* Eagle-Pop-Info.plist in Resources */ = {isa = PBXBuildFile; fileRef = 8597CA2F2ABA002F00A3487E /* Eagle-Pop-Info.plist */; };
		8598B8332ADFD799005D52D9 /* SigninRouteBuilder.swift in Sources */ = {isa = PBXBuildFile; fileRef = 8598B8322ADFD799005D52D9 /* SigninRouteBuilder.swift */; };
		8598B8352ADFD7F5005D52D9 /* SigninSideEffect.swift in Sources */ = {isa = PBXBuildFile; fileRef = 8598B8342ADFD7F5005D52D9 /* SigninSideEffect.swift */; };
		8598B8372ADFD834005D52D9 /* SocialRouteBuilder.swift in Sources */ = {isa = PBXBuildFile; fileRef = 8598B8362ADFD834005D52D9 /* SocialRouteBuilder.swift */; };
		8598B8392ADFD857005D52D9 /* SocialSideEffect.swift in Sources */ = {isa = PBXBuildFile; fileRef = 8598B8382ADFD857005D52D9 /* SocialSideEffect.swift */; };
		8598B83C2ADFF11F005D52D9 /* MainSideEffect.swift in Sources */ = {isa = PBXBuildFile; fileRef = 8598B83B2ADFF11F005D52D9 /* MainSideEffect.swift */; };
		8598B83D2ADFF11F005D52D9 /* MainRouteBuilder.swift in Sources */ = {isa = PBXBuildFile; fileRef = 8598B83A2ADFF11F005D52D9 /* MainRouteBuilder.swift */; };
		8598B8412ADFF299005D52D9 /* RankingEffect.swift in Sources */ = {isa = PBXBuildFile; fileRef = 8598B8402ADFF299005D52D9 /* RankingEffect.swift */; };
		8598B8452AE0B75A005D52D9 /* RootTabSideEffect.swift in Sources */ = {isa = PBXBuildFile; fileRef = 8598B8442AE0B75A005D52D9 /* RootTabSideEffect.swift */; };
		8598B8612AE2E2FC005D52D9 /* AppInfoCore.swift in Sources */ = {isa = PBXBuildFile; fileRef = 8598B8602AE2E2FC005D52D9 /* AppInfoCore.swift */; };
		8598B8642AE2E3CE005D52D9 /* AppInfoRouterBuilder.swift in Sources */ = {isa = PBXBuildFile; fileRef = 8598B8632AE2E3CE005D52D9 /* AppInfoRouterBuilder.swift */; };
		8598B8652AE2E3CE005D52D9 /* AppInfoSideEffect.swift in Sources */ = {isa = PBXBuildFile; fileRef = 8598B8622AE2E3CE005D52D9 /* AppInfoSideEffect.swift */; };
		859E1BB02AB9631700F8C37D /* ComposableArchitecture in Frameworks */ = {isa = PBXBuildFile; productRef = 859E1BAF2AB9631700F8C37D /* ComposableArchitecture */; settings = {ATTRIBUTES = (Required, ); }; };
		85CC87F12AE78F9A00846A9B /* OpenSoruceCore.swift in Sources */ = {isa = PBXBuildFile; fileRef = 85CC87F02AE78F9A00846A9B /* OpenSoruceCore.swift */; };
		85FACF0F2AAAA7B70003A06F /* Request.swift in Sources */ = {isa = PBXBuildFile; fileRef = 85FACF0E2AAAA7B70003A06F /* Request.swift */; };
/* End PBXBuildFile section */

/* Begin PBXFileReference section */
		85072C952ABADE4E00269B5C /* client_224818744622-7ervdk2meqo3qme5s8ov003sot0goigt.apps.googleusercontent.com.plist */ = {isa = PBXFileReference; fileEncoding = 4; lastKnownFileType = text.plist.xml; path = "client_224818744622-7ervdk2meqo3qme5s8ov003sot0goigt.apps.googleusercontent.com.plist"; sourceTree = "<group>"; };
		85072CC62ABDB7BE00269B5C /* ProfileView.swift */ = {isa = PBXFileReference; lastKnownFileType = sourcecode.swift; path = ProfileView.swift; sourceTree = "<group>"; };
		85072CC92ABDB81700269B5C /* MenuCore.swift */ = {isa = PBXFileReference; lastKnownFileType = sourcecode.swift; path = MenuCore.swift; sourceTree = "<group>"; };
		8518AB062AC5A92600A4BA98 /* RankingCore.swift */ = {isa = PBXFileReference; lastKnownFileType = sourcecode.swift; path = RankingCore.swift; sourceTree = "<group>"; };
		8518AB082AC5A94000A4BA98 /* RankingRouteBuilder.swift */ = {isa = PBXFileReference; lastKnownFileType = sourcecode.swift; path = RankingRouteBuilder.swift; sourceTree = "<group>"; };
		85300D442ACB1EC1009AC322 /* AppInfoView.swift */ = {isa = PBXFileReference; lastKnownFileType = sourcecode.swift; path = AppInfoView.swift; sourceTree = "<group>"; };
		85300D462ACC3565009AC322 /* RankingListView.swift */ = {isa = PBXFileReference; lastKnownFileType = sourcecode.swift; path = RankingListView.swift; sourceTree = "<group>"; };
		85300D4A2ACC359B009AC322 /* RankingInfo.swift */ = {isa = PBXFileReference; lastKnownFileType = sourcecode.swift; path = RankingInfo.swift; sourceTree = "<group>"; };
		853C602C2AD69C5D00ACD89A /* OpenSourceView.swift */ = {isa = PBXFileReference; lastKnownFileType = sourcecode.swift; path = OpenSourceView.swift; sourceTree = "<group>"; };
		853C602E2AD69C7C00ACD89A /* DeveloperInfoView.swift */ = {isa = PBXFileReference; lastKnownFileType = sourcecode.swift; path = DeveloperInfoView.swift; sourceTree = "<group>"; };
		853C60302AD69CB000ACD89A /* VersionInfoView.swift */ = {isa = PBXFileReference; lastKnownFileType = sourcecode.swift; path = VersionInfoView.swift; sourceTree = "<group>"; };
		853C60342AD6B3E100ACD89A /* MenuRouterBuilder.swift */ = {isa = PBXFileReference; lastKnownFileType = sourcecode.swift; path = MenuRouterBuilder.swift; sourceTree = "<group>"; };
		853C60362AD6B7AE00ACD89A /* AppSideEffect.swift */ = {isa = PBXFileReference; lastKnownFileType = sourcecode.swift; path = AppSideEffect.swift; sourceTree = "<group>"; };
		854A90962ACDB41800AEA6CF /* SocialListView.swift */ = {isa = PBXFileReference; lastKnownFileType = sourcecode.swift; path = SocialListView.swift; sourceTree = "<group>"; };
		854A90982ACDBE2700AEA6CF /* SerchListModel.swift */ = {isa = PBXFileReference; lastKnownFileType = sourcecode.swift; path = SerchListModel.swift; sourceTree = "<group>"; };
		854A909A2ACDE2E300AEA6CF /* getData.swift */ = {isa = PBXFileReference; lastKnownFileType = sourcecode.swift; path = getData.swift; sourceTree = "<group>"; };
		854A909C2ACE3DB600AEA6CF /* AppInfo.swift */ = {isa = PBXFileReference; lastKnownFileType = sourcecode.swift; path = AppInfo.swift; sourceTree = "<group>"; };
		854A90A32ACEDE1F00AEA6CF /* AppDelegate.swift */ = {isa = PBXFileReference; lastKnownFileType = sourcecode.swift; path = AppDelegate.swift; sourceTree = "<group>"; };
		854A90A52ACF144500AEA6CF /* RootTabRouteBuilder.swift */ = {isa = PBXFileReference; lastKnownFileType = sourcecode.swift; path = RootTabRouteBuilder.swift; sourceTree = "<group>"; };
		855396322AE7801F00575932 /* OpenSourceRouteBuilder.swift */ = {isa = PBXFileReference; lastKnownFileType = sourcecode.swift; path = OpenSourceRouteBuilder.swift; sourceTree = "<group>"; };
		855396352AE7809C00575932 /* OpenSourceSideEffect.swift */ = {isa = PBXFileReference; lastKnownFileType = sourcecode.swift; path = OpenSourceSideEffect.swift; sourceTree = "<group>"; };
		855396382AE7815000575932 /* DeveloperInfoRouteBuilder.swift */ = {isa = PBXFileReference; lastKnownFileType = sourcecode.swift; path = DeveloperInfoRouteBuilder.swift; sourceTree = "<group>"; };
		855396392AE7815000575932 /* DeveloperInfoSideEffect.swift */ = {isa = PBXFileReference; lastKnownFileType = sourcecode.swift; path = DeveloperInfoSideEffect.swift; sourceTree = "<group>"; };
		8553963D2AE781F600575932 /* VersionInfoSideEffect.swift */ = {isa = PBXFileReference; lastKnownFileType = sourcecode.swift; path = VersionInfoSideEffect.swift; sourceTree = "<group>"; };
		8553963E2AE781F600575932 /* VersionInfoRouteBuilder.swift */ = {isa = PBXFileReference; lastKnownFileType = sourcecode.swift; path = VersionInfoRouteBuilder.swift; sourceTree = "<group>"; };
		855396412AE78CAE00575932 /* VersionInfoCore.swift */ = {isa = PBXFileReference; lastKnownFileType = sourcecode.swift; name = VersionInfoCore.swift; path = ../OpenSoruce/VersionInfoCore.swift; sourceTree = "<group>"; };
		855396432AE78CB000575932 /* DeveloperInfoCore.swift */ = {isa = PBXFileReference; lastKnownFileType = sourcecode.swift; path = DeveloperInfoCore.swift; sourceTree = "<group>"; };
		855632002AC5E36200C12B12 /* Launch Screen.storyboard */ = {isa = PBXFileReference; lastKnownFileType = file.storyboard; path = "Launch Screen.storyboard"; sourceTree = "<group>"; };
		856C73AA2ADB52F6004CBC9C /* SigninCore.swift */ = {isa = PBXFileReference; lastKnownFileType = sourcecode.swift; path = SigninCore.swift; sourceTree = "<group>"; };
		856C73AC2ADD11C1004CBC9C /* CustomButtonStyle.swift */ = {isa = PBXFileReference; lastKnownFileType = sourcecode.swift; path = CustomButtonStyle.swift; sourceTree = "<group>"; };
		856C74072ADE146B004CBC9C /* SocialCore.swift */ = {isa = PBXFileReference; lastKnownFileType = sourcecode.swift; path = SocialCore.swift; sourceTree = "<group>"; };
		856C74132ADFC456004CBC9C /* Token.swift */ = {isa = PBXFileReference; lastKnownFileType = sourcecode.swift; path = Token.swift; sourceTree = "<group>"; };
		856C74152ADFC7C7004CBC9C /* API.swift */ = {isa = PBXFileReference; lastKnownFileType = sourcecode.swift; path = API.swift; sourceTree = "<group>"; };
		856C74172ADFCC43004CBC9C /* SigninModel.swift */ = {isa = PBXFileReference; lastKnownFileType = sourcecode.swift; path = SigninModel.swift; sourceTree = "<group>"; };
		857021DE2AA8A55B002CB09E /* CustomTimePickerView.swift */ = {isa = PBXFileReference; lastKnownFileType = sourcecode.swift; path = CustomTimePickerView.swift; sourceTree = "<group>"; };
		857045672AC2BA6100315057 /* EditProfileView.swift */ = {isa = PBXFileReference; lastKnownFileType = sourcecode.swift; path = EditProfileView.swift; sourceTree = "<group>"; };
		8570456E2AC3033600315057 /* AppDependency.swift */ = {isa = PBXFileReference; lastKnownFileType = sourcecode.swift; path = AppDependency.swift; sourceTree = "<group>"; };
		857045702AC30BAB00315057 /* AppRouterGroup.swift */ = {isa = PBXFileReference; lastKnownFileType = sourcecode.swift; path = AppRouterGroup.swift; sourceTree = "<group>"; };
		857045752AC3A74E00315057 /* MenuSideEffect.swift */ = {isa = PBXFileReference; lastKnownFileType = sourcecode.swift; path = MenuSideEffect.swift; sourceTree = "<group>"; };
		8572D9B92AB1CE5F00E70274 /* Fonts.swift */ = {isa = PBXFileReference; lastKnownFileType = sourcecode.swift; path = Fonts.swift; sourceTree = "<group>"; };
		8572D9BB2AB1F82B00E70274 /* TimerView.swift */ = {isa = PBXFileReference; lastKnownFileType = sourcecode.swift; path = TimerView.swift; sourceTree = "<group>"; };
		8594679D2A95EF0C00F565E4 /* Eagle_Pop.app */ = {isa = PBXFileReference; explicitFileType = wrapper.application; includeInIndex = 0; path = Eagle_Pop.app; sourceTree = BUILT_PRODUCTS_DIR; };
		859467A02A95EF0C00F565E4 /* Eagle_PopApp.swift */ = {isa = PBXFileReference; lastKnownFileType = sourcecode.swift; path = Eagle_PopApp.swift; sourceTree = "<group>"; };
		859467A42A95EF0D00F565E4 /* Assets.xcassets */ = {isa = PBXFileReference; lastKnownFileType = folder.assetcatalog; path = Assets.xcassets; sourceTree = "<group>"; };
		859467A72A95EF0D00F565E4 /* Preview Assets.xcassets */ = {isa = PBXFileReference; lastKnownFileType = folder.assetcatalog; path = "Preview Assets.xcassets"; sourceTree = "<group>"; };
		859467AE2A95F05100F565E4 /* RootTabView.swift */ = {isa = PBXFileReference; lastKnownFileType = sourcecode.swift; path = RootTabView.swift; sourceTree = "<group>"; };
		859467B02A95F10700F565E4 /* SigninView.swift */ = {isa = PBXFileReference; lastKnownFileType = sourcecode.swift; path = SigninView.swift; sourceTree = "<group>"; };
		859467C02A95FE2F00F565E4 /* MainView.swift */ = {isa = PBXFileReference; lastKnownFileType = sourcecode.swift; path = MainView.swift; sourceTree = "<group>"; };
		859467C52A95FF2100F565E4 /* RankingView.swift */ = {isa = PBXFileReference; lastKnownFileType = sourcecode.swift; path = RankingView.swift; sourceTree = "<group>"; };
		859467C82A95FF8600F565E4 /* SocialView.swift */ = {isa = PBXFileReference; lastKnownFileType = sourcecode.swift; path = SocialView.swift; sourceTree = "<group>"; };
		859467CC2A96017500F565E4 /* MenuView.swift */ = {isa = PBXFileReference; lastKnownFileType = sourcecode.swift; path = MenuView.swift; sourceTree = "<group>"; };
		859469442A9D9BCF00F565E4 /* CircleProgressBar.swift */ = {isa = PBXFileReference; lastKnownFileType = sourcecode.swift; path = CircleProgressBar.swift; sourceTree = "<group>"; };
		8597CA1F2AB9E80C00A3487E /* Pretendard-Medium.otf */ = {isa = PBXFileReference; lastKnownFileType = file; path = "Pretendard-Medium.otf"; sourceTree = "<group>"; };
		8597CA202AB9E80C00A3487E /* Pretendard-Regular.otf */ = {isa = PBXFileReference; lastKnownFileType = file; path = "Pretendard-Regular.otf"; sourceTree = "<group>"; };
		8597CA212AB9E80C00A3487E /* Pretendard-Thin.otf */ = {isa = PBXFileReference; lastKnownFileType = file; path = "Pretendard-Thin.otf"; sourceTree = "<group>"; };
		8597CA222AB9E80C00A3487E /* Pretendard-Light.otf */ = {isa = PBXFileReference; lastKnownFileType = file; path = "Pretendard-Light.otf"; sourceTree = "<group>"; };
		8597CA232AB9E80C00A3487E /* Pretendard-Bold.otf */ = {isa = PBXFileReference; lastKnownFileType = file; path = "Pretendard-Bold.otf"; sourceTree = "<group>"; };
		8597CA242AB9E80C00A3487E /* Pretendard-SemiBold.otf */ = {isa = PBXFileReference; lastKnownFileType = file; path = "Pretendard-SemiBold.otf"; sourceTree = "<group>"; };
		8597CA292AB9FEA300A3487E /* MainCore.swift */ = {isa = PBXFileReference; lastKnownFileType = sourcecode.swift; path = MainCore.swift; sourceTree = "<group>"; };
		8597CA2F2ABA002F00A3487E /* Eagle-Pop-Info.plist */ = {isa = PBXFileReference; fileEncoding = 4; lastKnownFileType = text.plist.xml; path = "Eagle-Pop-Info.plist"; sourceTree = "<group>"; };
		8598B8322ADFD799005D52D9 /* SigninRouteBuilder.swift */ = {isa = PBXFileReference; lastKnownFileType = sourcecode.swift; path = SigninRouteBuilder.swift; sourceTree = "<group>"; };
		8598B8342ADFD7F5005D52D9 /* SigninSideEffect.swift */ = {isa = PBXFileReference; lastKnownFileType = sourcecode.swift; path = SigninSideEffect.swift; sourceTree = "<group>"; };
		8598B8362ADFD834005D52D9 /* SocialRouteBuilder.swift */ = {isa = PBXFileReference; lastKnownFileType = sourcecode.swift; path = SocialRouteBuilder.swift; sourceTree = "<group>"; };
		8598B8382ADFD857005D52D9 /* SocialSideEffect.swift */ = {isa = PBXFileReference; lastKnownFileType = sourcecode.swift; path = SocialSideEffect.swift; sourceTree = "<group>"; };
		8598B83A2ADFF11F005D52D9 /* MainRouteBuilder.swift */ = {isa = PBXFileReference; lastKnownFileType = sourcecode.swift; path = MainRouteBuilder.swift; sourceTree = "<group>"; };
		8598B83B2ADFF11F005D52D9 /* MainSideEffect.swift */ = {isa = PBXFileReference; lastKnownFileType = sourcecode.swift; path = MainSideEffect.swift; sourceTree = "<group>"; };
		8598B8402ADFF299005D52D9 /* RankingEffect.swift */ = {isa = PBXFileReference; lastKnownFileType = sourcecode.swift; path = RankingEffect.swift; sourceTree = "<group>"; };
		8598B8442AE0B75A005D52D9 /* RootTabSideEffect.swift */ = {isa = PBXFileReference; lastKnownFileType = sourcecode.swift; path = RootTabSideEffect.swift; sourceTree = "<group>"; };
		8598B8602AE2E2FC005D52D9 /* AppInfoCore.swift */ = {isa = PBXFileReference; lastKnownFileType = sourcecode.swift; path = AppInfoCore.swift; sourceTree = "<group>"; };
		8598B8622AE2E3CE005D52D9 /* AppInfoSideEffect.swift */ = {isa = PBXFileReference; lastKnownFileType = sourcecode.swift; path = AppInfoSideEffect.swift; sourceTree = "<group>"; };
		8598B8632AE2E3CE005D52D9 /* AppInfoRouterBuilder.swift */ = {isa = PBXFileReference; lastKnownFileType = sourcecode.swift; path = AppInfoRouterBuilder.swift; sourceTree = "<group>"; };
		85CC87F02AE78F9A00846A9B /* OpenSoruceCore.swift */ = {isa = PBXFileReference; lastKnownFileType = sourcecode.swift; path = OpenSoruceCore.swift; sourceTree = "<group>"; };
		85FACF0E2AAAA7B70003A06F /* Request.swift */ = {isa = PBXFileReference; lastKnownFileType = sourcecode.swift; path = Request.swift; sourceTree = "<group>"; };
/* End PBXFileReference section */

/* Begin PBXFrameworksBuildPhase section */
		8594679A2A95EF0C00F565E4 /* Frameworks */ = {
			isa = PBXFrameworksBuildPhase;
			buildActionMask = 2147483647;
			files = (
				856C74122ADECF46004CBC9C /* OpenTDS in Frameworks */,
				85072C9B2ABAE96A00269B5C /* GoogleSignInSwift in Frameworks */,
				8570456B2AC2D38900315057 /* LinkNavigator in Frameworks */,
				85072C992ABAE96A00269B5C /* GoogleSignIn in Frameworks */,
				859467BF2A95FC5900F565E4 /* Alamofire in Frameworks */,
				859E1BB02AB9631700F8C37D /* ComposableArchitecture in Frameworks */,
			);
			runOnlyForDeploymentPostprocessing = 0;
		};
/* End PBXFrameworksBuildPhase section */

/* Begin PBXGroup section */
		85072CA32ABB412400269B5C /* Component */ = {
			isa = PBXGroup;
			children = (
				857021DE2AA8A55B002CB09E /* CustomTimePickerView.swift */,
				854A909A2ACDE2E300AEA6CF /* getData.swift */,
				856C73AC2ADD11C1004CBC9C /* CustomButtonStyle.swift */,
			);
			path = Component;
			sourceTree = "<group>";
		};
		85072CC52ABDB7A900269B5C /* Sub */ = {
			isa = PBXGroup;
			children = (
				85072CC62ABDB7BE00269B5C /* ProfileView.swift */,
				857045672AC2BA6100315057 /* EditProfileView.swift */,
			);
			path = Sub;
			sourceTree = "<group>";
		};
		85300D482ACC356E009AC322 /* Sub */ = {
			isa = PBXGroup;
			children = (
				85300D4A2ACC359B009AC322 /* RankingInfo.swift */,
				85300D462ACC3565009AC322 /* RankingListView.swift */,
			);
			path = Sub;
			sourceTree = "<group>";
		};
		853C602A2AD69C0E00ACD89A /* AppInfo */ = {
			isa = PBXGroup;
			children = (
				85300D442ACB1EC1009AC322 /* AppInfoView.swift */,
				8598B8602AE2E2FC005D52D9 /* AppInfoCore.swift */,
				8598B8622AE2E3CE005D52D9 /* AppInfoSideEffect.swift */,
				8598B8632AE2E3CE005D52D9 /* AppInfoRouterBuilder.swift */,
				854A909C2ACE3DB600AEA6CF /* AppInfo.swift */,
				855396302AE77FD200575932 /* OpenSoruce */,
				855396372AE7814200575932 /* DeveloperInfo */,
				8553963C2AE781DB00575932 /* VersionInfo */,
			);
			path = AppInfo;
			sourceTree = "<group>";
		};
		855396302AE77FD200575932 /* OpenSoruce */ = {
			isa = PBXGroup;
			children = (
				853C602C2AD69C5D00ACD89A /* OpenSourceView.swift */,
				85CC87F02AE78F9A00846A9B /* OpenSoruceCore.swift */,
				855396322AE7801F00575932 /* OpenSourceRouteBuilder.swift */,
				855396352AE7809C00575932 /* OpenSourceSideEffect.swift */,
			);
			path = OpenSoruce;
			sourceTree = "<group>";
		};
		855396372AE7814200575932 /* DeveloperInfo */ = {
			isa = PBXGroup;
			children = (
				853C602E2AD69C7C00ACD89A /* DeveloperInfoView.swift */,
				855396432AE78CB000575932 /* DeveloperInfoCore.swift */,
				855396382AE7815000575932 /* DeveloperInfoRouteBuilder.swift */,
				855396392AE7815000575932 /* DeveloperInfoSideEffect.swift */,
			);
			path = DeveloperInfo;
			sourceTree = "<group>";
		};
		8553963C2AE781DB00575932 /* VersionInfo */ = {
			isa = PBXGroup;
			children = (
				853C60302AD69CB000ACD89A /* VersionInfoView.swift */,
				855396412AE78CAE00575932 /* VersionInfoCore.swift */,
				8553963E2AE781F600575932 /* VersionInfoRouteBuilder.swift */,
				8553963D2AE781F600575932 /* VersionInfoSideEffect.swift */,
			);
			path = VersionInfo;
			sourceTree = "<group>";
		};
		8570456C2AC2D42E00315057 /* Dependency */ = {
			isa = PBXGroup;
			children = (
				857045702AC30BAB00315057 /* AppRouterGroup.swift */,
				853C60362AD6B7AE00ACD89A /* AppSideEffect.swift */,
			);
			path = Dependency;
			sourceTree = "<group>";
		};
		8570456D2AC3032000315057 /* Navigator */ = {
			isa = PBXGroup;
			children = (
				8570456E2AC3033600315057 /* AppDependency.swift */,
				854A90A32ACEDE1F00AEA6CF /* AppDelegate.swift */,
			);
			path = Navigator;
			sourceTree = "<group>";
		};
		857045742AC30CDC00315057 /* TabView */ = {
			isa = PBXGroup;
			children = (
				859467AE2A95F05100F565E4 /* RootTabView.swift */,
				854A90A52ACF144500AEA6CF /* RootTabRouteBuilder.swift */,
				8598B8442AE0B75A005D52D9 /* RootTabSideEffect.swift */,
			);
			path = TabView;
			sourceTree = "<group>";
		};
		8572D9B52AB1CC5000E70274 /* Fonts */ = {
			isa = PBXGroup;
			children = (
				8572D9B92AB1CE5F00E70274 /* Fonts.swift */,
				8597CA232AB9E80C00A3487E /* Pretendard-Bold.otf */,
				8597CA222AB9E80C00A3487E /* Pretendard-Light.otf */,
				8597CA1F2AB9E80C00A3487E /* Pretendard-Medium.otf */,
				8597CA202AB9E80C00A3487E /* Pretendard-Regular.otf */,
				8597CA242AB9E80C00A3487E /* Pretendard-SemiBold.otf */,
				8597CA212AB9E80C00A3487E /* Pretendard-Thin.otf */,
			);
			path = Fonts;
			sourceTree = "<group>";
		};
		859467942A95EF0C00F565E4 = {
			isa = PBXGroup;
			children = (
				8594679F2A95EF0C00F565E4 /* Eagle_Pop */,
				8594679E2A95EF0C00F565E4 /* Products */,
			);
			sourceTree = "<group>";
		};
		8594679E2A95EF0C00F565E4 /* Products */ = {
			isa = PBXGroup;
			children = (
				8594679D2A95EF0C00F565E4 /* Eagle_Pop.app */,
			);
			name = Products;
			sourceTree = "<group>";
		};
		8594679F2A95EF0C00F565E4 /* Eagle_Pop */ = {
			isa = PBXGroup;
			children = (
				859467B62A95F71400F565E4 /* Feature */,
				859467B72A95F77400F565E4 /* Resource */,
				859467A62A95EF0D00F565E4 /* Preview Content */,
			);
			path = Eagle_Pop;
			sourceTree = "<group>";
		};
		859467A62A95EF0D00F565E4 /* Preview Content */ = {
			isa = PBXGroup;
			children = (
				859467A72A95EF0D00F565E4 /* Preview Assets.xcassets */,
			);
			path = "Preview Content";
			sourceTree = "<group>";
		};
		859467B62A95F71400F565E4 /* Feature */ = {
			isa = PBXGroup;
			children = (
				8570456D2AC3032000315057 /* Navigator */,
				8570456C2AC2D42E00315057 /* Dependency */,
				85072CA32ABB412400269B5C /* Component */,
				857045742AC30CDC00315057 /* TabView */,
				859467C32A95FE5200F565E4 /* Signin */,
				859467C22A95FE3500F565E4 /* Main */,
				859467C72A95FF3B00F565E4 /* Social */,
				859467C42A95FE7200F565E4 /* Ranking */,
				859467CB2A96014400F565E4 /* Menu */,
				853C602A2AD69C0E00ACD89A /* AppInfo */,
			);
			path = Feature;
			sourceTree = "<group>";
		};
		859467B72A95F77400F565E4 /* Resource */ = {
			isa = PBXGroup;
			children = (
				85B8108F2ACD7C5A007D61E8 /* Sound */,
				859467B82A95F91700F565E4 /* LaunchScreen */,
				85072C952ABADE4E00269B5C /* client_224818744622-7ervdk2meqo3qme5s8ov003sot0goigt.apps.googleusercontent.com.plist */,
				8597CA2F2ABA002F00A3487E /* Eagle-Pop-Info.plist */,
				859467A42A95EF0D00F565E4 /* Assets.xcassets */,
				859467A02A95EF0C00F565E4 /* Eagle_PopApp.swift */,
				85FACF0E2AAAA7B70003A06F /* Request.swift */,
				8572D9B52AB1CC5000E70274 /* Fonts */,
				856C74152ADFC7C7004CBC9C /* API.swift */,
			);
			path = Resource;
			sourceTree = "<group>";
		};
		859467B82A95F91700F565E4 /* LaunchScreen */ = {
			isa = PBXGroup;
			children = (
				855632002AC5E36200C12B12 /* Launch Screen.storyboard */,
			);
			path = LaunchScreen;
			sourceTree = "<group>";
		};
		859467C22A95FE3500F565E4 /* Main */ = {
			isa = PBXGroup;
			children = (
				859467C02A95FE2F00F565E4 /* MainView.swift */,
				8597CA292AB9FEA300A3487E /* MainCore.swift */,
				8598B83A2ADFF11F005D52D9 /* MainRouteBuilder.swift */,
				8598B83B2ADFF11F005D52D9 /* MainSideEffect.swift */,
				85FACF042AAA9B4D0003A06F /* SubView */,
			);
			path = Main;
			sourceTree = "<group>";
		};
		859467C32A95FE5200F565E4 /* Signin */ = {
			isa = PBXGroup;
			children = (
				859467B02A95F10700F565E4 /* SigninView.swift */,
				856C73AA2ADB52F6004CBC9C /* SigninCore.swift */,
				856C74172ADFCC43004CBC9C /* SigninModel.swift */,
				8598B8322ADFD799005D52D9 /* SigninRouteBuilder.swift */,
				8598B8342ADFD7F5005D52D9 /* SigninSideEffect.swift */,
				856C74132ADFC456004CBC9C /* Token.swift */,
			);
			path = Signin;
			sourceTree = "<group>";
		};
		859467C42A95FE7200F565E4 /* Ranking */ = {
			isa = PBXGroup;
			children = (
				859467C52A95FF2100F565E4 /* RankingView.swift */,
				8518AB062AC5A92600A4BA98 /* RankingCore.swift */,
				8598B8402ADFF299005D52D9 /* RankingEffect.swift */,
				8518AB082AC5A94000A4BA98 /* RankingRouteBuilder.swift */,
				85300D482ACC356E009AC322 /* Sub */,
			);
			path = Ranking;
			sourceTree = "<group>";
		};
		859467C72A95FF3B00F565E4 /* Social */ = {
			isa = PBXGroup;
			children = (
				859467C82A95FF8600F565E4 /* SocialView.swift */,
				856C74072ADE146B004CBC9C /* SocialCore.swift */,
				854A90962ACDB41800AEA6CF /* SocialListView.swift */,
				854A90982ACDBE2700AEA6CF /* SerchListModel.swift */,
				8598B8362ADFD834005D52D9 /* SocialRouteBuilder.swift */,
				8598B8382ADFD857005D52D9 /* SocialSideEffect.swift */,
			);
			path = Social;
			sourceTree = "<group>";
		};
		859467CB2A96014400F565E4 /* Menu */ = {
			isa = PBXGroup;
			children = (
				859467CC2A96017500F565E4 /* MenuView.swift */,
				85072CC92ABDB81700269B5C /* MenuCore.swift */,
				857045752AC3A74E00315057 /* MenuSideEffect.swift */,
				853C60342AD6B3E100ACD89A /* MenuRouterBuilder.swift */,
				85072CC52ABDB7A900269B5C /* Sub */,
			);
			path = Menu;
			sourceTree = "<group>";
		};
		85B8108F2ACD7C5A007D61E8 /* Sound */ = {
			isa = PBXGroup;
			children = (
			);
			path = Sound;
			sourceTree = "<group>";
		};
		85FACF042AAA9B4D0003A06F /* SubView */ = {
			isa = PBXGroup;
			children = (
				859469442A9D9BCF00F565E4 /* CircleProgressBar.swift */,
				8572D9BB2AB1F82B00E70274 /* TimerView.swift */,
			);
			path = SubView;
			sourceTree = "<group>";
		};
/* End PBXGroup section */

/* Begin PBXNativeTarget section */
		8594679C2A95EF0C00F565E4 /* Eagle_Pop */ = {
			isa = PBXNativeTarget;
			buildConfigurationList = 859467AB2A95EF0D00F565E4 /* Build configuration list for PBXNativeTarget "Eagle_Pop" */;
			buildPhases = (
				859467992A95EF0C00F565E4 /* Sources */,
				8594679A2A95EF0C00F565E4 /* Frameworks */,
				8594679B2A95EF0C00F565E4 /* Resources */,
			);
			buildRules = (
			);
			dependencies = (
			);
			name = Eagle_Pop;
			packageProductDependencies = (
				859467BE2A95FC5900F565E4 /* Alamofire */,
				859E1BAF2AB9631700F8C37D /* ComposableArchitecture */,
				85072C982ABAE96A00269B5C /* GoogleSignIn */,
				85072C9A2ABAE96A00269B5C /* GoogleSignInSwift */,
				8570456A2AC2D38900315057 /* LinkNavigator */,
				856C74112ADECF46004CBC9C /* OpenTDS */,
			);
			productName = Eagle_Pop;
			productReference = 8594679D2A95EF0C00F565E4 /* Eagle_Pop.app */;
			productType = "com.apple.product-type.application";
		};
/* End PBXNativeTarget section */

/* Begin PBXProject section */
		859467952A95EF0C00F565E4 /* Project object */ = {
			isa = PBXProject;
			attributes = {
				BuildIndependentTargetsInParallel = 1;
				LastSwiftUpdateCheck = 1430;
				LastUpgradeCheck = 1430;
				TargetAttributes = {
					8594679C2A95EF0C00F565E4 = {
						CreatedOnToolsVersion = 14.3.1;
					};
				};
			};
			buildConfigurationList = 859467982A95EF0C00F565E4 /* Build configuration list for PBXProject "Eagle_Pop" */;
			compatibilityVersion = "Xcode 14.0";
			developmentRegion = en;
			hasScannedForEncodings = 0;
			knownRegions = (
				en,
				Base,
			);
			mainGroup = 859467942A95EF0C00F565E4;
			packageReferences = (
				859467BD2A95FC5900F565E4 /* XCRemoteSwiftPackageReference "Alamofire" */,
				859E1BAE2AB9631700F8C37D /* XCRemoteSwiftPackageReference "swift-composable-architecture" */,
				85072C972ABAE96A00269B5C /* XCRemoteSwiftPackageReference "GoogleSignIn-iOS" */,
				857045692AC2D38900315057 /* XCRemoteSwiftPackageReference "LinkNavigator" */,
				856C74102ADECF46004CBC9C /* XCRemoteSwiftPackageReference "OpenTDS" */,
			);
			productRefGroup = 8594679E2A95EF0C00F565E4 /* Products */;
			projectDirPath = "";
			projectRoot = "";
			targets = (
				8594679C2A95EF0C00F565E4 /* Eagle_Pop */,
			);
		};
/* End PBXProject section */

/* Begin PBXResourcesBuildPhase section */
		8594679B2A95EF0C00F565E4 /* Resources */ = {
			isa = PBXResourcesBuildPhase;
			buildActionMask = 2147483647;
			files = (
				85072C9C2ABAFE8900269B5C /* Pretendard-Bold.otf in Resources */,
				85072C9D2ABAFE8900269B5C /* Pretendard-Light.otf in Resources */,
				85072C9E2ABAFE8900269B5C /* Pretendard-Medium.otf in Resources */,
				85072C9F2ABAFE8900269B5C /* Pretendard-Regular.otf in Resources */,
				85072CA02ABAFE8900269B5C /* Pretendard-SemiBold.otf in Resources */,
				85072CA12ABAFE8900269B5C /* Pretendard-Thin.otf in Resources */,
				855632012AC5E36200C12B12 /* Launch Screen.storyboard in Resources */,
				85072C962ABADE4E00269B5C /* client_224818744622-7ervdk2meqo3qme5s8ov003sot0goigt.apps.googleusercontent.com.plist in Resources */,
				8597CA302ABA002F00A3487E /* Eagle-Pop-Info.plist in Resources */,
				859467A82A95EF0D00F565E4 /* Preview Assets.xcassets in Resources */,
				859467A52A95EF0D00F565E4 /* Assets.xcassets in Resources */,
			);
			runOnlyForDeploymentPostprocessing = 0;
		};
/* End PBXResourcesBuildPhase section */

/* Begin PBXSourcesBuildPhase section */
		859467992A95EF0C00F565E4 /* Sources */ = {
			isa = PBXSourcesBuildPhase;
			buildActionMask = 2147483647;
			files = (
				853C602D2AD69C5D00ACD89A /* OpenSourceView.swift in Sources */,
				859467AF2A95F05100F565E4 /* RootTabView.swift in Sources */,
				856C74142ADFC456004CBC9C /* Token.swift in Sources */,
				85CC87F12AE78F9A00846A9B /* OpenSoruceCore.swift in Sources */,
				856C74162ADFC7C7004CBC9C /* API.swift in Sources */,
				8598B8332ADFD799005D52D9 /* SigninRouteBuilder.swift in Sources */,
				856C73AB2ADB52F6004CBC9C /* SigninCore.swift in Sources */,
				853C602F2AD69C7C00ACD89A /* DeveloperInfoView.swift in Sources */,
				856C74182ADFCC43004CBC9C /* SigninModel.swift in Sources */,
				8598B8372ADFD834005D52D9 /* SocialRouteBuilder.swift in Sources */,
				855396402AE781F600575932 /* VersionInfoSideEffect.swift in Sources */,
				854A90972ACDB41800AEA6CF /* SocialListView.swift in Sources */,
				857045682AC2BA6100315057 /* EditProfileView.swift in Sources */,
				8553963F2AE781F600575932 /* VersionInfoRouteBuilder.swift in Sources */,
				8598B83D2ADFF11F005D52D9 /* MainRouteBuilder.swift in Sources */,
				85300D4B2ACC359B009AC322 /* RankingInfo.swift in Sources */,
				854A909D2ACE3DB600AEA6CF /* AppInfo.swift in Sources */,
				859467CD2A96017500F565E4 /* MenuView.swift in Sources */,
				8553963A2AE7815000575932 /* DeveloperInfoRouteBuilder.swift in Sources */,
				853C60352AD6B3E100ACD89A /* MenuRouterBuilder.swift in Sources */,
				855396422AE78CAE00575932 /* VersionInfoCore.swift in Sources */,
				859467C12A95FE2F00F565E4 /* MainView.swift in Sources */,
				859467C62A95FF2100F565E4 /* RankingView.swift in Sources */,
				8572D9BA2AB1CE5F00E70274 /* Fonts.swift in Sources */,
				856C74082ADE146B004CBC9C /* SocialCore.swift in Sources */,
				8598B8612AE2E2FC005D52D9 /* AppInfoCore.swift in Sources */,
				8518AB092AC5A94000A4BA98 /* RankingRouteBuilder.swift in Sources */,
				85300D472ACC3565009AC322 /* RankingListView.swift in Sources */,
				8570456F2AC3033600315057 /* AppDependency.swift in Sources */,
				8572D9BC2AB1F82B00E70274 /* TimerView.swift in Sources */,
				8598B8392ADFD857005D52D9 /* SocialSideEffect.swift in Sources */,
				85072CCA2ABDB81700269B5C /* MenuCore.swift in Sources */,
				8553963B2AE7815000575932 /* DeveloperInfoSideEffect.swift in Sources */,
				85072CC72ABDB7BE00269B5C /* ProfileView.swift in Sources */,
				85300D452ACB1EC1009AC322 /* AppInfoView.swift in Sources */,
				8518AB072AC5A92600A4BA98 /* RankingCore.swift in Sources */,
				857021DF2AA8A55B002CB09E /* CustomTimePickerView.swift in Sources */,
				854A90992ACDBE2700AEA6CF /* SerchListModel.swift in Sources */,
				854A909B2ACDE2E300AEA6CF /* getData.swift in Sources */,
				855396442AE78CB000575932 /* DeveloperInfoCore.swift in Sources */,
				8598B8452AE0B75A005D52D9 /* RootTabSideEffect.swift in Sources */,
				8598B83C2ADFF11F005D52D9 /* MainSideEffect.swift in Sources */,
				8598B8352ADFD7F5005D52D9 /* SigninSideEffect.swift in Sources */,
				859467B12A95F10700F565E4 /* SigninView.swift in Sources */,
				8598B8652AE2E3CE005D52D9 /* AppInfoSideEffect.swift in Sources */,
				854A90A42ACEDE1F00AEA6CF /* AppDelegate.swift in Sources */,
				8597CA2A2AB9FEA300A3487E /* MainCore.swift in Sources */,
				85FACF0F2AAAA7B70003A06F /* Request.swift in Sources */,
				859469452A9D9BCF00F565E4 /* CircleProgressBar.swift in Sources */,
				859467A12A95EF0C00F565E4 /* Eagle_PopApp.swift in Sources */,
				857045712AC30BAB00315057 /* AppRouterGroup.swift in Sources */,
				854A90A62ACF144500AEA6CF /* RootTabRouteBuilder.swift in Sources */,
				853C60312AD69CB000ACD89A /* VersionInfoView.swift in Sources */,
				853C60372AD6B7AE00ACD89A /* AppSideEffect.swift in Sources */,
				855396362AE7809C00575932 /* OpenSourceSideEffect.swift in Sources */,
				8598B8642AE2E3CE005D52D9 /* AppInfoRouterBuilder.swift in Sources */,
				857045762AC3A74E00315057 /* MenuSideEffect.swift in Sources */,
				856C73AD2ADD11C1004CBC9C /* CustomButtonStyle.swift in Sources */,
				8598B8412ADFF299005D52D9 /* RankingEffect.swift in Sources */,
				855396332AE7801F00575932 /* OpenSourceRouteBuilder.swift in Sources */,
				859467C92A95FF8600F565E4 /* SocialView.swift in Sources */,
			);
			runOnlyForDeploymentPostprocessing = 0;
		};
/* End PBXSourcesBuildPhase section */

/* Begin XCBuildConfiguration section */
		859467A92A95EF0D00F565E4 /* Debug */ = {
			isa = XCBuildConfiguration;
			buildSettings = {
				ALWAYS_SEARCH_USER_PATHS = NO;
				CLANG_ANALYZER_NONNULL = YES;
				CLANG_ANALYZER_NUMBER_OBJECT_CONVERSION = YES_AGGRESSIVE;
				CLANG_CXX_LANGUAGE_STANDARD = "gnu++20";
				CLANG_ENABLE_MODULES = YES;
				CLANG_ENABLE_OBJC_ARC = YES;
				CLANG_ENABLE_OBJC_WEAK = YES;
				CLANG_WARN_BLOCK_CAPTURE_AUTORELEASING = YES;
				CLANG_WARN_BOOL_CONVERSION = YES;
				CLANG_WARN_COMMA = YES;
				CLANG_WARN_CONSTANT_CONVERSION = YES;
				CLANG_WARN_DEPRECATED_OBJC_IMPLEMENTATIONS = YES;
				CLANG_WARN_DIRECT_OBJC_ISA_USAGE = YES_ERROR;
				CLANG_WARN_DOCUMENTATION_COMMENTS = YES;
				CLANG_WARN_EMPTY_BODY = YES;
				CLANG_WARN_ENUM_CONVERSION = YES;
				CLANG_WARN_INFINITE_RECURSION = YES;
				CLANG_WARN_INT_CONVERSION = YES;
				CLANG_WARN_NON_LITERAL_NULL_CONVERSION = YES;
				CLANG_WARN_OBJC_IMPLICIT_RETAIN_SELF = YES;
				CLANG_WARN_OBJC_LITERAL_CONVERSION = YES;
				CLANG_WARN_OBJC_ROOT_CLASS = YES_ERROR;
				CLANG_WARN_QUOTED_INCLUDE_IN_FRAMEWORK_HEADER = YES;
				CLANG_WARN_RANGE_LOOP_ANALYSIS = YES;
				CLANG_WARN_STRICT_PROTOTYPES = YES;
				CLANG_WARN_SUSPICIOUS_MOVE = YES;
				CLANG_WARN_UNGUARDED_AVAILABILITY = YES_AGGRESSIVE;
				CLANG_WARN_UNREACHABLE_CODE = YES;
				CLANG_WARN__DUPLICATE_METHOD_MATCH = YES;
				COPY_PHASE_STRIP = NO;
				DEBUG_INFORMATION_FORMAT = dwarf;
				ENABLE_STRICT_OBJC_MSGSEND = YES;
				ENABLE_TESTABILITY = YES;
				GCC_C_LANGUAGE_STANDARD = gnu11;
				GCC_DYNAMIC_NO_PIC = NO;
				GCC_NO_COMMON_BLOCKS = YES;
				GCC_OPTIMIZATION_LEVEL = 0;
				GCC_PREPROCESSOR_DEFINITIONS = (
					"DEBUG=1",
					"$(inherited)",
				);
				GCC_WARN_64_TO_32_BIT_CONVERSION = YES;
				GCC_WARN_ABOUT_RETURN_TYPE = YES_ERROR;
				GCC_WARN_UNDECLARED_SELECTOR = YES;
				GCC_WARN_UNINITIALIZED_AUTOS = YES_AGGRESSIVE;
				GCC_WARN_UNUSED_FUNCTION = YES;
				GCC_WARN_UNUSED_VARIABLE = YES;
				INFOPLIST_FILE = "Eagle_Pop/Resource/Eagle-Pop-Info.plist";
				IPHONEOS_DEPLOYMENT_TARGET = 16.4;
				MTL_ENABLE_DEBUG_INFO = INCLUDE_SOURCE;
				MTL_FAST_MATH = YES;
				ONLY_ACTIVE_ARCH = YES;
				SDKROOT = iphoneos;
				SWIFT_ACTIVE_COMPILATION_CONDITIONS = DEBUG;
				SWIFT_OPTIMIZATION_LEVEL = "-Onone";
			};
			name = Debug;
		};
		859467AA2A95EF0D00F565E4 /* Release */ = {
			isa = XCBuildConfiguration;
			buildSettings = {
				ALWAYS_SEARCH_USER_PATHS = NO;
				CLANG_ANALYZER_NONNULL = YES;
				CLANG_ANALYZER_NUMBER_OBJECT_CONVERSION = YES_AGGRESSIVE;
				CLANG_CXX_LANGUAGE_STANDARD = "gnu++20";
				CLANG_ENABLE_MODULES = YES;
				CLANG_ENABLE_OBJC_ARC = YES;
				CLANG_ENABLE_OBJC_WEAK = YES;
				CLANG_WARN_BLOCK_CAPTURE_AUTORELEASING = YES;
				CLANG_WARN_BOOL_CONVERSION = YES;
				CLANG_WARN_COMMA = YES;
				CLANG_WARN_CONSTANT_CONVERSION = YES;
				CLANG_WARN_DEPRECATED_OBJC_IMPLEMENTATIONS = YES;
				CLANG_WARN_DIRECT_OBJC_ISA_USAGE = YES_ERROR;
				CLANG_WARN_DOCUMENTATION_COMMENTS = YES;
				CLANG_WARN_EMPTY_BODY = YES;
				CLANG_WARN_ENUM_CONVERSION = YES;
				CLANG_WARN_INFINITE_RECURSION = YES;
				CLANG_WARN_INT_CONVERSION = YES;
				CLANG_WARN_NON_LITERAL_NULL_CONVERSION = YES;
				CLANG_WARN_OBJC_IMPLICIT_RETAIN_SELF = YES;
				CLANG_WARN_OBJC_LITERAL_CONVERSION = YES;
				CLANG_WARN_OBJC_ROOT_CLASS = YES_ERROR;
				CLANG_WARN_QUOTED_INCLUDE_IN_FRAMEWORK_HEADER = YES;
				CLANG_WARN_RANGE_LOOP_ANALYSIS = YES;
				CLANG_WARN_STRICT_PROTOTYPES = YES;
				CLANG_WARN_SUSPICIOUS_MOVE = YES;
				CLANG_WARN_UNGUARDED_AVAILABILITY = YES_AGGRESSIVE;
				CLANG_WARN_UNREACHABLE_CODE = YES;
				CLANG_WARN__DUPLICATE_METHOD_MATCH = YES;
				COPY_PHASE_STRIP = NO;
				DEBUG_INFORMATION_FORMAT = "dwarf-with-dsym";
				ENABLE_NS_ASSERTIONS = NO;
				ENABLE_STRICT_OBJC_MSGSEND = YES;
				GCC_C_LANGUAGE_STANDARD = gnu11;
				GCC_NO_COMMON_BLOCKS = YES;
				GCC_WARN_64_TO_32_BIT_CONVERSION = YES;
				GCC_WARN_ABOUT_RETURN_TYPE = YES_ERROR;
				GCC_WARN_UNDECLARED_SELECTOR = YES;
				GCC_WARN_UNINITIALIZED_AUTOS = YES_AGGRESSIVE;
				GCC_WARN_UNUSED_FUNCTION = YES;
				GCC_WARN_UNUSED_VARIABLE = YES;
				INFOPLIST_FILE = "Eagle_Pop/Resource/Eagle-Pop-Info.plist";
				IPHONEOS_DEPLOYMENT_TARGET = 16.4;
				MTL_ENABLE_DEBUG_INFO = NO;
				MTL_FAST_MATH = YES;
				SDKROOT = iphoneos;
				SWIFT_COMPILATION_MODE = wholemodule;
				SWIFT_OPTIMIZATION_LEVEL = "-O";
				VALIDATE_PRODUCT = YES;
			};
			name = Release;
		};
		859467AC2A95EF0D00F565E4 /* Debug */ = {
			isa = XCBuildConfiguration;
			buildSettings = {
				ASSETCATALOG_COMPILER_APPICON_NAME = AppIcon;
				ASSETCATALOG_COMPILER_GLOBAL_ACCENT_COLOR_NAME = AccentColor;
				CODE_SIGN_STYLE = Automatic;
				CURRENT_PROJECT_VERSION = 1;
				DEVELOPMENT_ASSET_PATHS = "\"Eagle_Pop/Preview Content\"";
				DEVELOPMENT_TEAM = W7X5HRD463;
				ENABLE_PREVIEWS = YES;
				GENERATE_INFOPLIST_FILE = YES;
				INFOPLIST_FILE = "Eagle_Pop/Resource/Eagle-Pop-Info.plist";
				INFOPLIST_KEY_UIApplicationSceneManifest_Generation = YES;
				INFOPLIST_KEY_UIApplicationSupportsIndirectInputEvents = YES;
				INFOPLIST_KEY_UILaunchScreen_Generation = YES;
				INFOPLIST_KEY_UISupportedInterfaceOrientations_iPad = "UIInterfaceOrientationPortrait UIInterfaceOrientationPortraitUpsideDown UIInterfaceOrientationLandscapeLeft UIInterfaceOrientationLandscapeRight";
				INFOPLIST_KEY_UISupportedInterfaceOrientations_iPhone = "UIInterfaceOrientationPortrait UIInterfaceOrientationLandscapeLeft UIInterfaceOrientationLandscapeRight";
				LD_RUNPATH_SEARCH_PATHS = (
					"$(inherited)",
					"@executable_path/Frameworks",
				);
				MARKETING_VERSION = 1.0;
				PRODUCT_BUNDLE_IDENTIFIER = "com.dgsw.Narsha.Eagle-Pop";
				PRODUCT_NAME = "$(TARGET_NAME)";
				SWIFT_EMIT_LOC_STRINGS = YES;
				SWIFT_VERSION = 5.0;
				TARGETED_DEVICE_FAMILY = "1,2";
			};
			name = Debug;
		};
		859467AD2A95EF0D00F565E4 /* Release */ = {
			isa = XCBuildConfiguration;
			buildSettings = {
				ASSETCATALOG_COMPILER_APPICON_NAME = AppIcon;
				ASSETCATALOG_COMPILER_GLOBAL_ACCENT_COLOR_NAME = AccentColor;
				CODE_SIGN_STYLE = Automatic;
				CURRENT_PROJECT_VERSION = 1;
				DEVELOPMENT_ASSET_PATHS = "\"Eagle_Pop/Preview Content\"";
				DEVELOPMENT_TEAM = W7X5HRD463;
				ENABLE_PREVIEWS = YES;
				GENERATE_INFOPLIST_FILE = YES;
				INFOPLIST_FILE = "Eagle_Pop/Resource/Eagle-Pop-Info.plist";
				INFOPLIST_KEY_UIApplicationSceneManifest_Generation = YES;
				INFOPLIST_KEY_UIApplicationSupportsIndirectInputEvents = YES;
				INFOPLIST_KEY_UILaunchScreen_Generation = YES;
				INFOPLIST_KEY_UISupportedInterfaceOrientations_iPad = "UIInterfaceOrientationPortrait UIInterfaceOrientationPortraitUpsideDown UIInterfaceOrientationLandscapeLeft UIInterfaceOrientationLandscapeRight";
				INFOPLIST_KEY_UISupportedInterfaceOrientations_iPhone = "UIInterfaceOrientationPortrait UIInterfaceOrientationLandscapeLeft UIInterfaceOrientationLandscapeRight";
				LD_RUNPATH_SEARCH_PATHS = (
					"$(inherited)",
					"@executable_path/Frameworks",
				);
				MARKETING_VERSION = 1.0;
				PRODUCT_BUNDLE_IDENTIFIER = "com.dgsw.Narsha.Eagle-Pop";
				PRODUCT_NAME = "$(TARGET_NAME)";
				SWIFT_EMIT_LOC_STRINGS = YES;
				SWIFT_VERSION = 5.0;
				TARGETED_DEVICE_FAMILY = "1,2";
			};
			name = Release;
		};
/* End XCBuildConfiguration section */

/* Begin XCConfigurationList section */
		859467982A95EF0C00F565E4 /* Build configuration list for PBXProject "Eagle_Pop" */ = {
			isa = XCConfigurationList;
			buildConfigurations = (
				859467A92A95EF0D00F565E4 /* Debug */,
				859467AA2A95EF0D00F565E4 /* Release */,
			);
			defaultConfigurationIsVisible = 0;
			defaultConfigurationName = Release;
		};
		859467AB2A95EF0D00F565E4 /* Build configuration list for PBXNativeTarget "Eagle_Pop" */ = {
			isa = XCConfigurationList;
			buildConfigurations = (
				859467AC2A95EF0D00F565E4 /* Debug */,
				859467AD2A95EF0D00F565E4 /* Release */,
			);
			defaultConfigurationIsVisible = 0;
			defaultConfigurationName = Release;
		};
/* End XCConfigurationList section */

/* Begin XCRemoteSwiftPackageReference section */
		85072C972ABAE96A00269B5C /* XCRemoteSwiftPackageReference "GoogleSignIn-iOS" */ = {
			isa = XCRemoteSwiftPackageReference;
			repositoryURL = "https://github.com/google/GoogleSignIn-iOS";
			requirement = {
				kind = upToNextMajorVersion;
				minimumVersion = 7.0.0;
			};
		};
		856C74102ADECF46004CBC9C /* XCRemoteSwiftPackageReference "OpenTDS" */ = {
			isa = XCRemoteSwiftPackageReference;
			repositoryURL = "https://github.com/Mercen-Lee/OpenTDS.git";
			requirement = {
				branch = main;
				kind = branch;
			};
		};
		857045692AC2D38900315057 /* XCRemoteSwiftPackageReference "LinkNavigator" */ = {
			isa = XCRemoteSwiftPackageReference;
			repositoryURL = "https://github.com/interactord/LinkNavigator.git";
			requirement = {
				kind = upToNextMajorVersion;
				minimumVersion = 0.8.9;
			};
		};
		859467BD2A95FC5900F565E4 /* XCRemoteSwiftPackageReference "Alamofire" */ = {
			isa = XCRemoteSwiftPackageReference;
			repositoryURL = "https://github.com/Alamofire/Alamofire";
			requirement = {
				kind = upToNextMajorVersion;
				minimumVersion = 5.0.0;
			};
		};
		859E1BAE2AB9631700F8C37D /* XCRemoteSwiftPackageReference "swift-composable-architecture" */ = {
			isa = XCRemoteSwiftPackageReference;
			repositoryURL = "https://github.com/pointfreeco/swift-composable-architecture";
			requirement = {
				kind = upToNextMajorVersion;
				minimumVersion = 1.2.0;
			};
		};
/* End XCRemoteSwiftPackageReference section */

/* Begin XCSwiftPackageProductDependency section */
		85072C982ABAE96A00269B5C /* GoogleSignIn */ = {
			isa = XCSwiftPackageProductDependency;
			package = 85072C972ABAE96A00269B5C /* XCRemoteSwiftPackageReference "GoogleSignIn-iOS" */;
			productName = GoogleSignIn;
		};
		85072C9A2ABAE96A00269B5C /* GoogleSignInSwift */ = {
			isa = XCSwiftPackageProductDependency;
			package = 85072C972ABAE96A00269B5C /* XCRemoteSwiftPackageReference "GoogleSignIn-iOS" */;
			productName = GoogleSignInSwift;
		};
		856C74112ADECF46004CBC9C /* OpenTDS */ = {
			isa = XCSwiftPackageProductDependency;
			package = 856C74102ADECF46004CBC9C /* XCRemoteSwiftPackageReference "OpenTDS" */;
			productName = OpenTDS;
		};
		8570456A2AC2D38900315057 /* LinkNavigator */ = {
			isa = XCSwiftPackageProductDependency;
			package = 857045692AC2D38900315057 /* XCRemoteSwiftPackageReference "LinkNavigator" */;
			productName = LinkNavigator;
		};
		859467BE2A95FC5900F565E4 /* Alamofire */ = {
			isa = XCSwiftPackageProductDependency;
			package = 859467BD2A95FC5900F565E4 /* XCRemoteSwiftPackageReference "Alamofire" */;
			productName = Alamofire;
		};
		859E1BAF2AB9631700F8C37D /* ComposableArchitecture */ = {
			isa = XCSwiftPackageProductDependency;
			package = 859E1BAE2AB9631700F8C37D /* XCRemoteSwiftPackageReference "swift-composable-architecture" */;
			productName = ComposableArchitecture;
		};
/* End XCSwiftPackageProductDependency section */
	};
	rootObject = 859467952A95EF0C00F565E4 /* Project object */;
}
