// !$*UTF8*$!
{
	archiveVersion = 1;
	classes = {
	};
	objectVersion = 56;
	objects = {

/* Begin PBXBuildFile section */
		852827BB2A14996D0033E354 /* SnapKit in Frameworks */ = {isa = PBXBuildFile; productRef = 852827BA2A14996D0033E354 /* SnapKit */; };
		852827BE2A1499810033E354 /* Then in Frameworks */ = {isa = PBXBuildFile; productRef = 852827BD2A1499810033E354 /* Then */; };
		852827C12A1499930033E354 /* Alamofire in Frameworks */ = {isa = PBXBuildFile; productRef = 852827C02A1499930033E354 /* Alamofire */; };
		852827C42A149DE70033E354 /* RxBlocking in Frameworks */ = {isa = PBXBuildFile; productRef = 852827C32A149DE70033E354 /* RxBlocking */; };
		852827C62A149DE70033E354 /* RxCocoa in Frameworks */ = {isa = PBXBuildFile; productRef = 852827C52A149DE70033E354 /* RxCocoa */; };
		852827C82A149DE70033E354 /* RxRelay in Frameworks */ = {isa = PBXBuildFile; productRef = 852827C72A149DE70033E354 /* RxRelay */; };
		852827CA2A149DE70033E354 /* RxSwift in Frameworks */ = {isa = PBXBuildFile; productRef = 852827C92A149DE70033E354 /* RxSwift */; };
		852827CD2A149E030033E354 /* ReactorKit in Frameworks */ = {isa = PBXBuildFile; productRef = 852827CC2A149E030033E354 /* ReactorKit */; };
		852827DD2A151EF60033E354 /* Fonts.otf in Resources */ = {isa = PBXBuildFile; fileRef = 852827DC2A151EF60033E354 /* Fonts.otf */; };
		852827E02A15CFF10033E354 /* GoogleSignIn in Frameworks */ = {isa = PBXBuildFile; productRef = 852827DF2A15CFF10033E354 /* GoogleSignIn */; };
		853015442A37E87A008C9380 /* StopWatchView.swift in Sources */ = {isa = PBXBuildFile; fileRef = 853015432A37E87A008C9380 /* StopWatchView.swift */; };
		853B073C29E69B8E000325CC /* AppDelegate.swift in Sources */ = {isa = PBXBuildFile; fileRef = 853B073B29E69B8E000325CC /* AppDelegate.swift */; };
		853B073E29E69B8E000325CC /* SceneDelegate.swift in Sources */ = {isa = PBXBuildFile; fileRef = 853B073D29E69B8E000325CC /* SceneDelegate.swift */; };
		853B074529E69B8F000325CC /* Assets.xcassets in Resources */ = {isa = PBXBuildFile; fileRef = 853B074429E69B8F000325CC /* Assets.xcassets */; };
		853B074829E69B8F000325CC /* LaunchScreen.storyboard in Resources */ = {isa = PBXBuildFile; fileRef = 853B074629E69B8F000325CC /* LaunchScreen.storyboard */; };
		85A76D992A36BBCC00E5A942 /* Color.swift in Sources */ = {isa = PBXBuildFile; fileRef = 85A76D972A36BBCC00E5A942 /* Color.swift */; };
		85A76D9A2A36BBCC00E5A942 /* UIApplication.swift in Sources */ = {isa = PBXBuildFile; fileRef = 85A76D982A36BBCC00E5A942 /* UIApplication.swift */; };
		85A76D9D2A36BBE500E5A942 /* LoginManager.swift in Sources */ = {isa = PBXBuildFile; fileRef = 85A76D9C2A36BBE500E5A942 /* LoginManager.swift */; };
		85A76D9F2A36BBFA00E5A942 /* SigninView.swift in Sources */ = {isa = PBXBuildFile; fileRef = 85A76D9E2A36BBFA00E5A942 /* SigninView.swift */; };
/* End PBXBuildFile section */

/* Begin PBXFileReference section */
		852827DC2A151EF60033E354 /* Fonts.otf */ = {isa = PBXFileReference; lastKnownFileType = file; path = Fonts.otf; sourceTree = "<group>"; };
		853015432A37E87A008C9380 /* StopWatchView.swift */ = {isa = PBXFileReference; lastKnownFileType = sourcecode.swift; path = StopWatchView.swift; sourceTree = "<group>"; };
		853B073829E69B8E000325CC /* EaglePop.app */ = {isa = PBXFileReference; explicitFileType = wrapper.application; includeInIndex = 0; path = EaglePop.app; sourceTree = BUILT_PRODUCTS_DIR; };
		853B073B29E69B8E000325CC /* AppDelegate.swift */ = {isa = PBXFileReference; lastKnownFileType = sourcecode.swift; path = AppDelegate.swift; sourceTree = "<group>"; };
		853B073D29E69B8E000325CC /* SceneDelegate.swift */ = {isa = PBXFileReference; lastKnownFileType = sourcecode.swift; path = SceneDelegate.swift; sourceTree = "<group>"; };
		853B074429E69B8F000325CC /* Assets.xcassets */ = {isa = PBXFileReference; lastKnownFileType = folder.assetcatalog; path = Assets.xcassets; sourceTree = "<group>"; };
		853B074729E69B8F000325CC /* Base */ = {isa = PBXFileReference; lastKnownFileType = file.storyboard; name = Base; path = Base.lproj/LaunchScreen.storyboard; sourceTree = "<group>"; };
		853B074929E69B8F000325CC /* Info.plist */ = {isa = PBXFileReference; lastKnownFileType = text.plist.xml; path = Info.plist; sourceTree = "<group>"; };
		85A76D972A36BBCC00E5A942 /* Color.swift */ = {isa = PBXFileReference; fileEncoding = 4; lastKnownFileType = sourcecode.swift; path = Color.swift; sourceTree = "<group>"; };
		85A76D982A36BBCC00E5A942 /* UIApplication.swift */ = {isa = PBXFileReference; fileEncoding = 4; lastKnownFileType = sourcecode.swift; path = UIApplication.swift; sourceTree = "<group>"; };
		85A76D9C2A36BBE500E5A942 /* LoginManager.swift */ = {isa = PBXFileReference; fileEncoding = 4; lastKnownFileType = sourcecode.swift; path = LoginManager.swift; sourceTree = "<group>"; };
		85A76D9E2A36BBFA00E5A942 /* SigninView.swift */ = {isa = PBXFileReference; lastKnownFileType = sourcecode.swift; path = SigninView.swift; sourceTree = "<group>"; };
/* End PBXFileReference section */

/* Begin PBXFrameworksBuildPhase section */
		853B073529E69B8E000325CC /* Frameworks */ = {
			isa = PBXFrameworksBuildPhase;
			buildActionMask = 2147483647;
			files = (
				852827C82A149DE70033E354 /* RxRelay in Frameworks */,
				852827C12A1499930033E354 /* Alamofire in Frameworks */,
				852827CD2A149E030033E354 /* ReactorKit in Frameworks */,
				852827C42A149DE70033E354 /* RxBlocking in Frameworks */,
				852827C62A149DE70033E354 /* RxCocoa in Frameworks */,
				852827BB2A14996D0033E354 /* SnapKit in Frameworks */,
				852827BE2A1499810033E354 /* Then in Frameworks */,
				852827CA2A149DE70033E354 /* RxSwift in Frameworks */,
				852827E02A15CFF10033E354 /* GoogleSignIn in Frameworks */,
			);
			runOnlyForDeploymentPostprocessing = 0;
		};
/* End PBXFrameworksBuildPhase section */

/* Begin PBXGroup section */
		852827D12A149EC30033E354 /* Sources */ = {
			isa = PBXGroup;
			children = (
				85A76D9B2A36BBDB00E5A942 /* Managers */,
				852827D82A14EFE00033E354 /* Extention */,
				85A76DA12A36BC1900E5A942 /* ViewModel */,
				85A76DA02A36BBFD00E5A942 /* View */,
			);
			path = Sources;
			sourceTree = "<group>";
		};
		852827D32A14BC820033E354 /* Resource */ = {
			isa = PBXGroup;
			children = (
				852827D92A151AE70033E354 /* Fonts */,
			);
			path = Resource;
			sourceTree = "<group>";
		};
		852827D82A14EFE00033E354 /* Extention */ = {
			isa = PBXGroup;
			children = (
				85A76D972A36BBCC00E5A942 /* Color.swift */,
				85A76D982A36BBCC00E5A942 /* UIApplication.swift */,
			);
			path = Extention;
			sourceTree = "<group>";
		};
		852827D92A151AE70033E354 /* Fonts */ = {
			isa = PBXGroup;
			children = (
				852827DC2A151EF60033E354 /* Fonts.otf */,
			);
			name = Fonts;
			sourceTree = "<group>";
		};
		853015422A37E587008C9380 /* StopWatch */ = {
			isa = PBXGroup;
			children = (
				853015432A37E87A008C9380 /* StopWatchView.swift */,
			);
			path = StopWatch;
			sourceTree = "<group>";
		};
		853B072F29E69B8E000325CC = {
			isa = PBXGroup;
			children = (
				853B073A29E69B8E000325CC /* EaglePop */,
				853B073929E69B8E000325CC /* Products */,
			);
			sourceTree = "<group>";
		};
		853B073929E69B8E000325CC /* Products */ = {
			isa = PBXGroup;
			children = (
				853B073829E69B8E000325CC /* EaglePop.app */,
			);
			name = Products;
			sourceTree = "<group>";
		};
		853B073A29E69B8E000325CC /* EaglePop */ = {
			isa = PBXGroup;
			children = (
				853B074929E69B8F000325CC /* Info.plist */,
				853B074629E69B8F000325CC /* LaunchScreen.storyboard */,
				853B074429E69B8F000325CC /* Assets.xcassets */,
				853B073D29E69B8E000325CC /* SceneDelegate.swift */,
				853B073B29E69B8E000325CC /* AppDelegate.swift */,
				852827D32A14BC820033E354 /* Resource */,
				852827D12A149EC30033E354 /* Sources */,
			);
			path = EaglePop;
			sourceTree = "<group>";
		};
		85A76D9B2A36BBDB00E5A942 /* Managers */ = {
			isa = PBXGroup;
			children = (
				85A76D9C2A36BBE500E5A942 /* LoginManager.swift */,
			);
			path = Managers;
			sourceTree = "<group>";
		};
		85A76DA02A36BBFD00E5A942 /* View */ = {
			isa = PBXGroup;
			children = (
				85A76D9E2A36BBFA00E5A942 /* SigninView.swift */,
				853015422A37E587008C9380 /* StopWatch */,
			);
			path = View;
			sourceTree = "<group>";
		};
		85A76DA12A36BC1900E5A942 /* ViewModel */ = {
			isa = PBXGroup;
			children = (
			);
			path = ViewModel;
			sourceTree = "<group>";
		};
/* End PBXGroup section */

/* Begin PBXNativeTarget section */
		853B073729E69B8E000325CC /* EaglePop */ = {
			isa = PBXNativeTarget;
			buildConfigurationList = 853B074C29E69B8F000325CC /* Build configuration list for PBXNativeTarget "EaglePop" */;
			buildPhases = (
				853B073429E69B8E000325CC /* Sources */,
				853B073529E69B8E000325CC /* Frameworks */,
				853B073629E69B8E000325CC /* Resources */,
			);
			buildRules = (
			);
			dependencies = (
			);
			name = EaglePop;
			packageProductDependencies = (
				852827BA2A14996D0033E354 /* SnapKit */,
				852827BD2A1499810033E354 /* Then */,
				852827C02A1499930033E354 /* Alamofire */,
				852827C32A149DE70033E354 /* RxBlocking */,
				852827C52A149DE70033E354 /* RxCocoa */,
				852827C72A149DE70033E354 /* RxRelay */,
				852827C92A149DE70033E354 /* RxSwift */,
				852827CC2A149E030033E354 /* ReactorKit */,
				852827DF2A15CFF10033E354 /* GoogleSignIn */,
			);
			productName = EaglePop;
			productReference = 853B073829E69B8E000325CC /* EaglePop.app */;
			productType = "com.apple.product-type.application";
		};
/* End PBXNativeTarget section */

/* Begin PBXProject section */
		853B073029E69B8E000325CC /* Project object */ = {
			isa = PBXProject;
			attributes = {
				BuildIndependentTargetsInParallel = 1;
				LastSwiftUpdateCheck = 1430;
				LastUpgradeCheck = 1430;
				TargetAttributes = {
					853B073729E69B8E000325CC = {
						CreatedOnToolsVersion = 14.3;
					};
				};
			};
			buildConfigurationList = 853B073329E69B8E000325CC /* Build configuration list for PBXProject "EaglePop" */;
			compatibilityVersion = "Xcode 14.0";
			developmentRegion = en;
			hasScannedForEncodings = 0;
			knownRegions = (
				en,
				Base,
			);
			mainGroup = 853B072F29E69B8E000325CC;
			packageReferences = (
				852827B92A14996D0033E354 /* XCRemoteSwiftPackageReference "SnapKit" */,
				852827BC2A1499810033E354 /* XCRemoteSwiftPackageReference "Then" */,
				852827BF2A1499930033E354 /* XCRemoteSwiftPackageReference "Alamofire" */,
				852827C22A149DE70033E354 /* XCRemoteSwiftPackageReference "RxSwift" */,
				852827CB2A149E030033E354 /* XCRemoteSwiftPackageReference "ReactorKit" */,
				852827DE2A15CFF10033E354 /* XCRemoteSwiftPackageReference "GoogleSignIn-iOS" */,
			);
			productRefGroup = 853B073929E69B8E000325CC /* Products */;
			projectDirPath = "";
			projectRoot = "";
			targets = (
				853B073729E69B8E000325CC /* EaglePop */,
			);
		};
/* End PBXProject section */

/* Begin PBXResourcesBuildPhase section */
		853B073629E69B8E000325CC /* Resources */ = {
			isa = PBXResourcesBuildPhase;
			buildActionMask = 2147483647;
			files = (
				853B074829E69B8F000325CC /* LaunchScreen.storyboard in Resources */,
				853B074529E69B8F000325CC /* Assets.xcassets in Resources */,
				852827DD2A151EF60033E354 /* Fonts.otf in Resources */,
			);
			runOnlyForDeploymentPostprocessing = 0;
		};
/* End PBXResourcesBuildPhase section */

/* Begin PBXSourcesBuildPhase section */
		853B073429E69B8E000325CC /* Sources */ = {
			isa = PBXSourcesBuildPhase;
			buildActionMask = 2147483647;
			files = (
				85A76D9D2A36BBE500E5A942 /* LoginManager.swift in Sources */,
				85A76D9A2A36BBCC00E5A942 /* UIApplication.swift in Sources */,
				853B073C29E69B8E000325CC /* AppDelegate.swift in Sources */,
				853015442A37E87A008C9380 /* StopWatchView.swift in Sources */,
				853B073E29E69B8E000325CC /* SceneDelegate.swift in Sources */,
				85A76D9F2A36BBFA00E5A942 /* SigninView.swift in Sources */,
				85A76D992A36BBCC00E5A942 /* Color.swift in Sources */,
			);
			runOnlyForDeploymentPostprocessing = 0;
		};
/* End PBXSourcesBuildPhase section */

/* Begin PBXVariantGroup section */
		853B074629E69B8F000325CC /* LaunchScreen.storyboard */ = {
			isa = PBXVariantGroup;
			children = (
				853B074729E69B8F000325CC /* Base */,
			);
			name = LaunchScreen.storyboard;
			sourceTree = "<group>";
		};
/* End PBXVariantGroup section */

/* Begin XCBuildConfiguration section */
		853B074A29E69B8F000325CC /* Debug */ = {
			isa = XCBuildConfiguration;
			buildSettings = {
				ALWAYS_SEARCH_USER_PATHS = NO;
				CLANG_ANALYZER_NONNULL = YES;
				CLANG_ANALYZER_NUMBER_OBJECT_CONVERSION = YES_AGGRESSIVE;
				CLANG_CXX_LANGUAGE_STANDARD = "gnu++20";
				CLANG_ENABLE_MODULES = YES;
				CLANG_ENABLE_OBJC_ARC = YES;
				CLANG_ENABLE_OBJC_WEAK = YES;
				CLANG_WARN_BLOCK_CAPTURE_AUTORELEASING = YES;
				CLANG_WARN_BOOL_CONVERSION = YES;
				CLANG_WARN_COMMA = YES;
				CLANG_WARN_CONSTANT_CONVERSION = YES;
				CLANG_WARN_DEPRECATED_OBJC_IMPLEMENTATIONS = YES;
				CLANG_WARN_DIRECT_OBJC_ISA_USAGE = YES_ERROR;
				CLANG_WARN_DOCUMENTATION_COMMENTS = YES;
				CLANG_WARN_EMPTY_BODY = YES;
				CLANG_WARN_ENUM_CONVERSION = YES;
				CLANG_WARN_INFINITE_RECURSION = YES;
				CLANG_WARN_INT_CONVERSION = YES;
				CLANG_WARN_NON_LITERAL_NULL_CONVERSION = YES;
				CLANG_WARN_OBJC_IMPLICIT_RETAIN_SELF = YES;
				CLANG_WARN_OBJC_LITERAL_CONVERSION = YES;
				CLANG_WARN_OBJC_ROOT_CLASS = YES_ERROR;
				CLANG_WARN_QUOTED_INCLUDE_IN_FRAMEWORK_HEADER = YES;
				CLANG_WARN_RANGE_LOOP_ANALYSIS = YES;
				CLANG_WARN_STRICT_PROTOTYPES = YES;
				CLANG_WARN_SUSPICIOUS_MOVE = YES;
				CLANG_WARN_UNGUARDED_AVAILABILITY = YES_AGGRESSIVE;
				CLANG_WARN_UNREACHABLE_CODE = YES;
				CLANG_WARN__DUPLICATE_METHOD_MATCH = YES;
				COPY_PHASE_STRIP = NO;
				DEBUG_INFORMATION_FORMAT = dwarf;
				ENABLE_STRICT_OBJC_MSGSEND = YES;
				ENABLE_TESTABILITY = YES;
				GCC_C_LANGUAGE_STANDARD = gnu11;
				GCC_DYNAMIC_NO_PIC = NO;
				GCC_NO_COMMON_BLOCKS = YES;
				GCC_OPTIMIZATION_LEVEL = 0;
				GCC_PREPROCESSOR_DEFINITIONS = (
					"DEBUG=1",
					"$(inherited)",
				);
				GCC_WARN_64_TO_32_BIT_CONVERSION = YES;
				GCC_WARN_ABOUT_RETURN_TYPE = YES_ERROR;
				GCC_WARN_UNDECLARED_SELECTOR = YES;
				GCC_WARN_UNINITIALIZED_AUTOS = YES_AGGRESSIVE;
				GCC_WARN_UNUSED_FUNCTION = YES;
				GCC_WARN_UNUSED_VARIABLE = YES;
				IPHONEOS_DEPLOYMENT_TARGET = 16.4;
				MTL_ENABLE_DEBUG_INFO = INCLUDE_SOURCE;
				MTL_FAST_MATH = YES;
				ONLY_ACTIVE_ARCH = YES;
				SDKROOT = iphoneos;
				SWIFT_ACTIVE_COMPILATION_CONDITIONS = DEBUG;
				SWIFT_OPTIMIZATION_LEVEL = "-Onone";
			};
			name = Debug;
		};
		853B074B29E69B8F000325CC /* Release */ = {
			isa = XCBuildConfiguration;
			buildSettings = {
				ALWAYS_SEARCH_USER_PATHS = NO;
				CLANG_ANALYZER_NONNULL = YES;
				CLANG_ANALYZER_NUMBER_OBJECT_CONVERSION = YES_AGGRESSIVE;
				CLANG_CXX_LANGUAGE_STANDARD = "gnu++20";
				CLANG_ENABLE_MODULES = YES;
				CLANG_ENABLE_OBJC_ARC = YES;
				CLANG_ENABLE_OBJC_WEAK = YES;
				CLANG_WARN_BLOCK_CAPTURE_AUTORELEASING = YES;
				CLANG_WARN_BOOL_CONVERSION = YES;
				CLANG_WARN_COMMA = YES;
				CLANG_WARN_CONSTANT_CONVERSION = YES;
				CLANG_WARN_DEPRECATED_OBJC_IMPLEMENTATIONS = YES;
				CLANG_WARN_DIRECT_OBJC_ISA_USAGE = YES_ERROR;
				CLANG_WARN_DOCUMENTATION_COMMENTS = YES;
				CLANG_WARN_EMPTY_BODY = YES;
				CLANG_WARN_ENUM_CONVERSION = YES;
				CLANG_WARN_INFINITE_RECURSION = YES;
				CLANG_WARN_INT_CONVERSION = YES;
				CLANG_WARN_NON_LITERAL_NULL_CONVERSION = YES;
				CLANG_WARN_OBJC_IMPLICIT_RETAIN_SELF = YES;
				CLANG_WARN_OBJC_LITERAL_CONVERSION = YES;
				CLANG_WARN_OBJC_ROOT_CLASS = YES_ERROR;
				CLANG_WARN_QUOTED_INCLUDE_IN_FRAMEWORK_HEADER = YES;
				CLANG_WARN_RANGE_LOOP_ANALYSIS = YES;
				CLANG_WARN_STRICT_PROTOTYPES = YES;
				CLANG_WARN_SUSPICIOUS_MOVE = YES;
				CLANG_WARN_UNGUARDED_AVAILABILITY = YES_AGGRESSIVE;
				CLANG_WARN_UNREACHABLE_CODE = YES;
				CLANG_WARN__DUPLICATE_METHOD_MATCH = YES;
				COPY_PHASE_STRIP = NO;
				DEBUG_INFORMATION_FORMAT = "dwarf-with-dsym";
				ENABLE_NS_ASSERTIONS = NO;
				ENABLE_STRICT_OBJC_MSGSEND = YES;
				GCC_C_LANGUAGE_STANDARD = gnu11;
				GCC_NO_COMMON_BLOCKS = YES;
				GCC_WARN_64_TO_32_BIT_CONVERSION = YES;
				GCC_WARN_ABOUT_RETURN_TYPE = YES_ERROR;
				GCC_WARN_UNDECLARED_SELECTOR = YES;
				GCC_WARN_UNINITIALIZED_AUTOS = YES_AGGRESSIVE;
				GCC_WARN_UNUSED_FUNCTION = YES;
				GCC_WARN_UNUSED_VARIABLE = YES;
				IPHONEOS_DEPLOYMENT_TARGET = 16.4;
				MTL_ENABLE_DEBUG_INFO = NO;
				MTL_FAST_MATH = YES;
				SDKROOT = iphoneos;
				SWIFT_COMPILATION_MODE = wholemodule;
				SWIFT_OPTIMIZATION_LEVEL = "-O";
				VALIDATE_PRODUCT = YES;
			};
			name = Release;
		};
		853B074D29E69B8F000325CC /* Debug */ = {
			isa = XCBuildConfiguration;
			buildSettings = {
				ASSETCATALOG_COMPILER_APPICON_NAME = AppIcon;
				ASSETCATALOG_COMPILER_GLOBAL_ACCENT_COLOR_NAME = AccentColor;
				CODE_SIGN_STYLE = Automatic;
				CURRENT_PROJECT_VERSION = 1;
				DEVELOPMENT_TEAM = W7X5HRD463;
				GENERATE_INFOPLIST_FILE = YES;
				INFOPLIST_FILE = EaglePop/Info.plist;
				INFOPLIST_KEY_UIApplicationSupportsIndirectInputEvents = YES;
				INFOPLIST_KEY_UILaunchStoryboardName = LaunchScreen;
				INFOPLIST_KEY_UISupportedInterfaceOrientations_iPad = "UIInterfaceOrientationPortrait UIInterfaceOrientationPortraitUpsideDown UIInterfaceOrientationLandscapeLeft UIInterfaceOrientationLandscapeRight";
				INFOPLIST_KEY_UISupportedInterfaceOrientations_iPhone = "UIInterfaceOrientationPortrait UIInterfaceOrientationLandscapeLeft UIInterfaceOrientationLandscapeRight";
				LD_RUNPATH_SEARCH_PATHS = (
					"$(inherited)",
					"@executable_path/Frameworks",
				);
				MARKETING_VERSION = 1.0;
				PRODUCT_BUNDLE_IDENTIFIER = Narsha.EaglePop;
				PRODUCT_NAME = "$(TARGET_NAME)";
				SWIFT_EMIT_LOC_STRINGS = YES;
				SWIFT_VERSION = 5.0;
				TARGETED_DEVICE_FAMILY = "1,2";
			};
			name = Debug;
		};
		853B074E29E69B8F000325CC /* Release */ = {
			isa = XCBuildConfiguration;
			buildSettings = {
				ASSETCATALOG_COMPILER_APPICON_NAME = AppIcon;
				ASSETCATALOG_COMPILER_GLOBAL_ACCENT_COLOR_NAME = AccentColor;
				CODE_SIGN_STYLE = Automatic;
				CURRENT_PROJECT_VERSION = 1;
				DEVELOPMENT_TEAM = W7X5HRD463;
				GENERATE_INFOPLIST_FILE = YES;
				INFOPLIST_FILE = EaglePop/Info.plist;
				INFOPLIST_KEY_UIApplicationSupportsIndirectInputEvents = YES;
				INFOPLIST_KEY_UILaunchStoryboardName = LaunchScreen;
				INFOPLIST_KEY_UISupportedInterfaceOrientations_iPad = "UIInterfaceOrientationPortrait UIInterfaceOrientationPortraitUpsideDown UIInterfaceOrientationLandscapeLeft UIInterfaceOrientationLandscapeRight";
				INFOPLIST_KEY_UISupportedInterfaceOrientations_iPhone = "UIInterfaceOrientationPortrait UIInterfaceOrientationLandscapeLeft UIInterfaceOrientationLandscapeRight";
				LD_RUNPATH_SEARCH_PATHS = (
					"$(inherited)",
					"@executable_path/Frameworks",
				);
				MARKETING_VERSION = 1.0;
				PRODUCT_BUNDLE_IDENTIFIER = Narsha.EaglePop;
				PRODUCT_NAME = "$(TARGET_NAME)";
				SWIFT_EMIT_LOC_STRINGS = YES;
				SWIFT_VERSION = 5.0;
				TARGETED_DEVICE_FAMILY = "1,2";
			};
			name = Release;
		};
/* End XCBuildConfiguration section */

/* Begin XCConfigurationList section */
		853B073329E69B8E000325CC /* Build configuration list for PBXProject "EaglePop" */ = {
			isa = XCConfigurationList;
			buildConfigurations = (
				853B074A29E69B8F000325CC /* Debug */,
				853B074B29E69B8F000325CC /* Release */,
			);
			defaultConfigurationIsVisible = 0;
			defaultConfigurationName = Release;
		};
		853B074C29E69B8F000325CC /* Build configuration list for PBXNativeTarget "EaglePop" */ = {
			isa = XCConfigurationList;
			buildConfigurations = (
				853B074D29E69B8F000325CC /* Debug */,
				853B074E29E69B8F000325CC /* Release */,
			);
			defaultConfigurationIsVisible = 0;
			defaultConfigurationName = Release;
		};
/* End XCConfigurationList section */

/* Begin XCRemoteSwiftPackageReference section */
		852827B92A14996D0033E354 /* XCRemoteSwiftPackageReference "SnapKit" */ = {
			isa = XCRemoteSwiftPackageReference;
			repositoryURL = "https://github.com/SnapKit/SnapKit.git";
			requirement = {
				kind = upToNextMajorVersion;
				minimumVersion = 5.0.0;
			};
		};
		852827BC2A1499810033E354 /* XCRemoteSwiftPackageReference "Then" */ = {
			isa = XCRemoteSwiftPackageReference;
			repositoryURL = "https://github.com/devxoul/Then.git";
			requirement = {
				kind = upToNextMajorVersion;
				minimumVersion = 3.0.0;
			};
		};
		852827BF2A1499930033E354 /* XCRemoteSwiftPackageReference "Alamofire" */ = {
			isa = XCRemoteSwiftPackageReference;
			repositoryURL = "https://github.com/Alamofire/Alamofire";
			requirement = {
				kind = upToNextMajorVersion;
				minimumVersion = 5.0.0;
			};
		};
		852827C22A149DE70033E354 /* XCRemoteSwiftPackageReference "RxSwift" */ = {
			isa = XCRemoteSwiftPackageReference;
			repositoryURL = "https://github.com/ReactiveX/RxSwift.git";
			requirement = {
				kind = upToNextMajorVersion;
				minimumVersion = 6.0.0;
			};
		};
		852827CB2A149E030033E354 /* XCRemoteSwiftPackageReference "ReactorKit" */ = {
			isa = XCRemoteSwiftPackageReference;
			repositoryURL = "https://github.com/ReactorKit/ReactorKit";
			requirement = {
				kind = upToNextMajorVersion;
				minimumVersion = 3.0.0;
			};
		};
		852827DE2A15CFF10033E354 /* XCRemoteSwiftPackageReference "GoogleSignIn-iOS" */ = {
			isa = XCRemoteSwiftPackageReference;
			repositoryURL = "https://github.com/google/GoogleSignIn-iOS";
			requirement = {
				kind = upToNextMajorVersion;
				minimumVersion = 7.0.0;
			};
		};
/* End XCRemoteSwiftPackageReference section */

/* Begin XCSwiftPackageProductDependency section */
		852827BA2A14996D0033E354 /* SnapKit */ = {
			isa = XCSwiftPackageProductDependency;
			package = 852827B92A14996D0033E354 /* XCRemoteSwiftPackageReference "SnapKit" */;
			productName = SnapKit;
		};
		852827BD2A1499810033E354 /* Then */ = {
			isa = XCSwiftPackageProductDependency;
			package = 852827BC2A1499810033E354 /* XCRemoteSwiftPackageReference "Then" */;
			productName = Then;
		};
		852827C02A1499930033E354 /* Alamofire */ = {
			isa = XCSwiftPackageProductDependency;
			package = 852827BF2A1499930033E354 /* XCRemoteSwiftPackageReference "Alamofire" */;
			productName = Alamofire;
		};
		852827C32A149DE70033E354 /* RxBlocking */ = {
			isa = XCSwiftPackageProductDependency;
			package = 852827C22A149DE70033E354 /* XCRemoteSwiftPackageReference "RxSwift" */;
			productName = RxBlocking;
		};
		852827C52A149DE70033E354 /* RxCocoa */ = {
			isa = XCSwiftPackageProductDependency;
			package = 852827C22A149DE70033E354 /* XCRemoteSwiftPackageReference "RxSwift" */;
			productName = RxCocoa;
		};
		852827C72A149DE70033E354 /* RxRelay */ = {
			isa = XCSwiftPackageProductDependency;
			package = 852827C22A149DE70033E354 /* XCRemoteSwiftPackageReference "RxSwift" */;
			productName = RxRelay;
		};
		852827C92A149DE70033E354 /* RxSwift */ = {
			isa = XCSwiftPackageProductDependency;
			package = 852827C22A149DE70033E354 /* XCRemoteSwiftPackageReference "RxSwift" */;
			productName = RxSwift;
		};
		852827CC2A149E030033E354 /* ReactorKit */ = {
			isa = XCSwiftPackageProductDependency;
			package = 852827CB2A149E030033E354 /* XCRemoteSwiftPackageReference "ReactorKit" */;
			productName = ReactorKit;
		};
		852827DF2A15CFF10033E354 /* GoogleSignIn */ = {
			isa = XCSwiftPackageProductDependency;
			package = 852827DE2A15CFF10033E354 /* XCRemoteSwiftPackageReference "GoogleSignIn-iOS" */;
			productName = GoogleSignIn;
		};
/* End XCSwiftPackageProductDependency section */
	};
	rootObject = 853B073029E69B8E000325CC /* Project object */;
}
